// !$*UTF8*$!
{
	archiveVersion = 1;
	classes = {
	};
	objectVersion = 56;
	objects = {

/* Begin PBXBuildFile section */
		A1000001 /* KuullaApp.swift in Sources */ = {isa = PBXBuildFile; fileRef = A2000001; };
		A1000002 /* ContentView.swift in Sources */ = {isa = PBXBuildFile; fileRef = A2000002; };
		A1000003 /* Assets.xcassets in Resources */ = {isa = PBXBuildFile; fileRef = A2000003; };
		A1000004 /* ApiClient.swift in Sources */ = {isa = PBXBuildFile; fileRef = A2000004; };
		A1000005 /* AudioPlayer.swift in Sources */ = {isa = PBXBuildFile; fileRef = A2000005; };
		R1000001 /* SmartSpeedProcessor.swift in Sources */ = {isa = PBXBuildFile; fileRef = R2000001; };
		A1000006 /* AuthManager.swift in Sources */ = {isa = PBXBuildFile; fileRef = A2000006; };
		A1000007 /* Show.swift in Sources */ = {isa = PBXBuildFile; fileRef = A2000008; };
		A1000008 /* Episode.swift in Sources */ = {isa = PBXBuildFile; fileRef = A2000009; };
		A1000009 /* EpisodePage.swift in Sources */ = {isa = PBXBuildFile; fileRef = A2000010; };
		A1000010 /* CatalogRoute.swift in Sources */ = {isa = PBXBuildFile; fileRef = A2000011; };
		A1000011 /* EpisodeFormatting.swift in Sources */ = {isa = PBXBuildFile; fileRef = A2000012; };
		A1000012 /* PodcastCatalogClient.swift in Sources */ = {isa = PBXBuildFile; fileRef = A2000013; };
		A1000013 /* SearchView.swift in Sources */ = {isa = PBXBuildFile; fileRef = A2000014; };
		A1000014 /* ShowDetailView.swift in Sources */ = {isa = PBXBuildFile; fileRef = A2000015; };
		A1000015 /* EpisodeDetailView.swift in Sources */ = {isa = PBXBuildFile; fileRef = A2000016; };
		A1000016 /* Subscription.swift in Sources */ = {isa = PBXBuildFile; fileRef = A2000017; };
		A1000017 /* SubscriptionClient.swift in Sources */ = {isa = PBXBuildFile; fileRef = A2000018; };
		W1000001 /* SubscriptionSortOrder.swift in Sources */ = {isa = PBXBuildFile; fileRef = W2000001; };
		W1000002 /* SubscriptionSort.swift in Sources */ = {isa = PBXBuildFile; fileRef = W2000002; };
		X1000001 /* SubscriptionManualReorderRow.swift in Sources */ = {isa = PBXBuildFile; fileRef = X2000001; };
		W1000003 /* SubscriptionSortTests.swift in Sources */ = {isa = PBXBuildFile; fileRef = W2000003; };
		A1000030 /* DeviceTokenClient.swift in Sources */ = {isa = PBXBuildFile; fileRef = A2000030; };
		A1000031 /* PushNotificationManager.swift in Sources */ = {isa = PBXBuildFile; fileRef = A2000031; };
		A1000040 /* DeepLinkRouter.swift in Sources */ = {isa = PBXBuildFile; fileRef = A2000040; };
		A1000050 /* Theme.swift in Sources */ = {isa = PBXBuildFile; fileRef = A2000050; };
		A1000051 /* Typography.swift in Sources */ = {isa = PBXBuildFile; fileRef = A2000051; };
		A1000060 /* Manrope.ttf in Resources */ = {isa = PBXBuildFile; fileRef = A2000060; };
		A1000061 /* SpaceGrotesk.ttf in Resources */ = {isa = PBXBuildFile; fileRef = A2000061; };
		A1000062 /* JetBrainsMono.ttf in Resources */ = {isa = PBXBuildFile; fileRef = A2000062; };
		A1000063 /* Manrope-OFL.txt in Resources */ = {isa = PBXBuildFile; fileRef = A2000063; };
		A1000064 /* SpaceGrotesk-OFL.txt in Resources */ = {isa = PBXBuildFile; fileRef = A2000064; };
		A1000065 /* JetBrainsMono-OFL.txt in Resources */ = {isa = PBXBuildFile; fileRef = A2000065; };
		C1000001 /* CarPlaySceneDelegate.swift in Sources */ = {isa = PBXBuildFile; fileRef = C2000001; };
		A1000018 /* SubscriptionsView.swift in Sources */ = {isa = PBXBuildFile; fileRef = A2000019; };
		A1000019 /* UserSettings.swift in Sources */ = {isa = PBXBuildFile; fileRef = A2000020; };
		A1000020 /* ShowSettings.swift in Sources */ = {isa = PBXBuildFile; fileRef = A2000021; };
		A1000021 /* SettingsClient.swift in Sources */ = {isa = PBXBuildFile; fileRef = A2000022; };
		A1000023 /* SettingsView.swift in Sources */ = {isa = PBXBuildFile; fileRef = A2000024; };
		A1000024 /* ShowSettingsSheet.swift in Sources */ = {isa = PBXBuildFile; fileRef = A2000025; };
		Q1000001 /* UserSettingsRecord.swift in Sources */ = {isa = PBXBuildFile; fileRef = Q2000001; };
		Q1000002 /* SettingsSyncAdapter.swift in Sources */ = {isa = PBXBuildFile; fileRef = Q2000002; };
		Q1000003 /* SettingsSyncEngineEnvironment.swift in Sources */ = {isa = PBXBuildFile; fileRef = Q2000003; };
		M1000001 /* AutoArchiveRule.swift in Sources */ = {isa = PBXBuildFile; fileRef = M2000001; };
		N1000001 /* AutoSkipDuration.swift in Sources */ = {isa = PBXBuildFile; fileRef = N2000001; };
		N1000002 /* PlaybackSpeedOption.swift in Sources */ = {isa = PBXBuildFile; fileRef = N2000002; };
		N1000003 /* ShowIconSize.swift in Sources */ = {isa = PBXBuildFile; fileRef = N2000003; };
		F1000001 /* Syncable.swift in Sources */ = {isa = PBXBuildFile; fileRef = F2000001; };
		F1000002 /* SyncCursor.swift in Sources */ = {isa = PBXBuildFile; fileRef = F2000002; };
		F1000003 /* SyncEngine.swift in Sources */ = {isa = PBXBuildFile; fileRef = F2000003; };
		F1000004 /* EpisodeStateRecord.swift in Sources */ = {isa = PBXBuildFile; fileRef = F2000004; };
		F1000005 /* EpisodeSyncAdapter.swift in Sources */ = {isa = PBXBuildFile; fileRef = F2000005; };
		F1000006 /* CrossDeviceResume.swift in Sources */ = {isa = PBXBuildFile; fileRef = F2000006; };
		F1000007 /* CrossDeviceResumeTests.swift in Sources */ = {isa = PBXBuildFile; fileRef = F2000007; };
		P1000001 /* DownloadedEpisodeRecord.swift in Sources */ = {isa = PBXBuildFile; fileRef = P2000001; };
		P1000003 /* DownloadManager.swift in Sources */ = {isa = PBXBuildFile; fileRef = P2000003; };
		G1000001 /* FeedView.swift in Sources */ = {isa = PBXBuildFile; fileRef = G2000001; };
		G1000002 /* EpisodeStatus.swift in Sources */ = {isa = PBXBuildFile; fileRef = G2000002; };
		G1000003 /* EpisodeSyncEngineEnvironment.swift in Sources */ = {isa = PBXBuildFile; fileRef = G2000003; };
		J1000001 /* Playlist.swift in Sources */ = {isa = PBXBuildFile; fileRef = J2000001; };
		J1000002 /* PlaylistSyncAdapter.swift in Sources */ = {isa = PBXBuildFile; fileRef = J2000002; };
		J1000003 /* PlaylistSyncEngineEnvironment.swift in Sources */ = {isa = PBXBuildFile; fileRef = J2000003; };
		J1000004 /* PlaylistClient.swift in Sources */ = {isa = PBXBuildFile; fileRef = J2000004; };
		J1000005 /* PlaylistsView.swift in Sources */ = {isa = PBXBuildFile; fileRef = J2000005; };
		J1000006 /* PlaylistDetailView.swift in Sources */ = {isa = PBXBuildFile; fileRef = J2000006; };
		J1000007 /* AddToPlaylistSheet.swift in Sources */ = {isa = PBXBuildFile; fileRef = J2000007; };
		J1000008 /* PlaylistSyncAdapterTests.swift in Sources */ = {isa = PBXBuildFile; fileRef = J2000008; };
		Q1000004 /* SettingsSyncAdapterTests.swift in Sources */ = {isa = PBXBuildFile; fileRef = Q2000004; };
		J1000009 /* PlaylistClientTests.swift in Sources */ = {isa = PBXBuildFile; fileRef = J2000009; };
		J1000010 /* UpNextView.swift in Sources */ = {isa = PBXBuildFile; fileRef = J2000010; };
		J1000011 /* PlaylistIcons.swift in Sources */ = {isa = PBXBuildFile; fileRef = J2000011; };
		K1000001 /* LibraryView.swift in Sources */ = {isa = PBXBuildFile; fileRef = K2000001; };
		K1000002 /* UnplayedCounts.swift in Sources */ = {isa = PBXBuildFile; fileRef = K2000002; };
		K1000003 /* UnplayedCountsTests.swift in Sources */ = {isa = PBXBuildFile; fileRef = K2000003; };
		L1000001 /* EpisodeProgress.swift in Sources */ = {isa = PBXBuildFile; fileRef = L2000001; };
		L1000002 /* EpisodeListFilter.swift in Sources */ = {isa = PBXBuildFile; fileRef = L2000002; };
		L1000003 /* EpisodeProgressTests.swift in Sources */ = {isa = PBXBuildFile; fileRef = L2000003; };
		L1000004 /* EpisodeListFilterTests.swift in Sources */ = {isa = PBXBuildFile; fileRef = L2000004; };
		B9000003 /* GoogleSignIn in Frameworks */ = {isa = PBXBuildFile; productRef = B9000002; };
		D1000001 /* MockURLProtocol.swift in Sources */ = {isa = PBXBuildFile; fileRef = D2000001; };
		D1000002 /* ApiClientTests.swift in Sources */ = {isa = PBXBuildFile; fileRef = D2000002; };
		D1000003 /* PodcastCatalogClientTests.swift in Sources */ = {isa = PBXBuildFile; fileRef = D2000003; };
		D1000004 /* SubscriptionClientTests.swift in Sources */ = {isa = PBXBuildFile; fileRef = D2000004; };
		D1000020 /* DeviceTokenClientTests.swift in Sources */ = {isa = PBXBuildFile; fileRef = D2000020; };
		D1000021 /* PushNotificationManagerTests.swift in Sources */ = {isa = PBXBuildFile; fileRef = D2000021; };
		D1000050 /* PushNotificationRoutingTests.swift in Sources */ = {isa = PBXBuildFile; fileRef = D2000050; };
		D1000005 /* EpisodeDurationParsingTests.swift in Sources */ = {isa = PBXBuildFile; fileRef = D2000005; };
		D1000006 /* EpisodeDecodingTests.swift in Sources */ = {isa = PBXBuildFile; fileRef = D2000006; };
		D1000007 /* EpisodeFormattingTests.swift in Sources */ = {isa = PBXBuildFile; fileRef = D2000007; };
		D1000008 /* AudioPlayerTests.swift in Sources */ = {isa = PBXBuildFile; fileRef = D2000008; };
		D1000009 /* AuthManagerTests.swift in Sources */ = {isa = PBXBuildFile; fileRef = D2000009; };
		D1000010 /* SettingsClientTests.swift in Sources */ = {isa = PBXBuildFile; fileRef = D2000010; };
		D1000011 /* SyncEngineTests.swift in Sources */ = {isa = PBXBuildFile; fileRef = D2000011; };
		H1000001 /* EpisodeStatusTests.swift in Sources */ = {isa = PBXBuildFile; fileRef = H2000001; };
		H1000002 /* CarPlaySceneDelegateTests.swift in Sources */ = {isa = PBXBuildFile; fileRef = H2000002; };
		H1000003 /* ShowIconSizeTests.swift in Sources */ = {isa = PBXBuildFile; fileRef = H2000003; };
		E1000001 /* UITestSupport.swift in Sources */ = {isa = PBXBuildFile; fileRef = E2000001; };
		E1000002 /* SearchAndSubscribeUITests.swift in Sources */ = {isa = PBXBuildFile; fileRef = E2000002; };
		E1000003 /* PlaybackUITests.swift in Sources */ = {isa = PBXBuildFile; fileRef = E2000003; };
		P1000002 /* DownloadedEpisodeRecordTests.swift in Sources */ = {isa = PBXBuildFile; fileRef = P2000002; };
		P1000004 /* DownloadManagerTests.swift in Sources */ = {isa = PBXBuildFile; fileRef = P2000004; };
		P1000005 /* EpisodeDetailViewTests.swift in Sources */ = {isa = PBXBuildFile; fileRef = P2000005; };
		P1000006 /* DownloadsView.swift in Sources */ = {isa = PBXBuildFile; fileRef = P2000006; };
		P1000008 /* DownloadButton.swift in Sources */ = {isa = PBXBuildFile; fileRef = P2000008; };
		P1000010 /* LocalSettings.swift in Sources */ = {isa = PBXBuildFile; fileRef = P2000010; };
		P1000011 /* AutoDeleteRule.swift in Sources */ = {isa = PBXBuildFile; fileRef = P2000011; };
		P1000012 /* UserSettingsTests.swift in Sources */ = {isa = PBXBuildFile; fileRef = P2000012; };
		P1000013 /* ShowSettingsTests.swift in Sources */ = {isa = PBXBuildFile; fileRef = P2000013; };
		R1000002 /* SmartSpeedProcessorTests.swift in Sources */ = {isa = PBXBuildFile; fileRef = R2000002; };
		P1000014 /* FeedViewTests.swift in Sources */ = {isa = PBXBuildFile; fileRef = P2000014; };
		P1000009 /* DownloadButtonTests.swift in Sources */ = {isa = PBXBuildFile; fileRef = P2000009; };
		P1000007 /* DownloadsViewTests.swift in Sources */ = {isa = PBXBuildFile; fileRef = P2000007; };
		S1000001 /* ShowRow.swift in Sources */ = {isa = PBXBuildFile; fileRef = S2000001; };
		S1000002 /* DiscoveryCategory.swift in Sources */ = {isa = PBXBuildFile; fileRef = S2000002; };
		S1000003 /* Discovery.swift in Sources */ = {isa = PBXBuildFile; fileRef = S2000003; };
		S1000004 /* CategoryDiscovery.swift in Sources */ = {isa = PBXBuildFile; fileRef = S2000004; };
		S1000005 /* DiscoveryView.swift in Sources */ = {isa = PBXBuildFile; fileRef = S2000005; };
		S1000006 /* DiscoveryCategoryDetailView.swift in Sources */ = {isa = PBXBuildFile; fileRef = S2000006; };
		T1000001 /* SleepTimerDuration.swift in Sources */ = {isa = PBXBuildFile; fileRef = T2000001; };
		T1000002 /* SleepTimerSheet.swift in Sources */ = {isa = PBXBuildFile; fileRef = T2000002; };
		T1000003 /* SleepTimerSheetTests.swift in Sources */ = {isa = PBXBuildFile; fileRef = T2000003; };
		Z1000001 /* ChapterScrubber.swift in Sources */ = {isa = PBXBuildFile; fileRef = Z2000001; };
		Z1000002 /* ChapterScrubberTests.swift in Sources */ = {isa = PBXBuildFile; fileRef = Z2000002; };
		Z1000003 /* Transcript.swift in Sources */ = {isa = PBXBuildFile; fileRef = Z2000003; };
		Z1000004 /* TranscriptView.swift in Sources */ = {isa = PBXBuildFile; fileRef = Z2000004; };
		Z1000005 /* TranscriptTests.swift in Sources */ = {isa = PBXBuildFile; fileRef = Z2000005; };
		V1000001 /* SafariView.swift in Sources */ = {isa = PBXBuildFile; fileRef = V2000001; };
/* End PBXBuildFile section */

/* Begin PBXContainerItemProxy section */
		D8000002 /* PBXContainerItemProxy */ = {
			isa = PBXContainerItemProxy;
			containerPortal = A7000000 /* Project object */;
			proxyType = 1;
			remoteGlobalIDString = A4000000;
			remoteInfo = Kuulla;
		};
		E8000002 /* PBXContainerItemProxy */ = {
			isa = PBXContainerItemProxy;
			containerPortal = A7000000 /* Project object */;
			proxyType = 1;
			remoteGlobalIDString = A4000000;
			remoteInfo = Kuulla;
		};
/* End PBXContainerItemProxy section */

/* Begin PBXFileReference section */
		A2000000 /* Kuulla.app */ = {isa = PBXFileReference; explicitFileType = wrapper.application; includeInIndex = 0; path = Kuulla.app; sourceTree = BUILT_PRODUCTS_DIR; };
		A2000001 /* KuullaApp.swift */ = {isa = PBXFileReference; lastKnownFileType = sourcecode.swift; path = KuullaApp.swift; sourceTree = "<group>"; };
		A2000002 /* ContentView.swift */ = {isa = PBXFileReference; lastKnownFileType = sourcecode.swift; path = ContentView.swift; sourceTree = "<group>"; };
		A2000003 /* Assets.xcassets */ = {isa = PBXFileReference; lastKnownFileType = folder.assetcatalog; path = Assets.xcassets; sourceTree = "<group>"; };
		A2000004 /* ApiClient.swift */ = {isa = PBXFileReference; lastKnownFileType = sourcecode.swift; path = ApiClient.swift; sourceTree = "<group>"; };
		A2000005 /* AudioPlayer.swift */ = {isa = PBXFileReference; lastKnownFileType = sourcecode.swift; path = AudioPlayer.swift; sourceTree = "<group>"; };
		R2000001 /* SmartSpeedProcessor.swift */ = {isa = PBXFileReference; lastKnownFileType = sourcecode.swift; path = SmartSpeedProcessor.swift; sourceTree = "<group>"; };
		A2000006 /* AuthManager.swift */ = {isa = PBXFileReference; lastKnownFileType = sourcecode.swift; path = AuthManager.swift; sourceTree = "<group>"; };
		A2000007 /* Info.plist */ = {isa = PBXFileReference; lastKnownFileType = text.plist.xml; path = Info.plist; sourceTree = "<group>"; };
		A2000008 /* Show.swift */ = {isa = PBXFileReference; lastKnownFileType = sourcecode.swift; path = Show.swift; sourceTree = "<group>"; };
		A2000009 /* Episode.swift */ = {isa = PBXFileReference; lastKnownFileType = sourcecode.swift; path = Episode.swift; sourceTree = "<group>"; };
		A2000010 /* EpisodePage.swift */ = {isa = PBXFileReference; lastKnownFileType = sourcecode.swift; path = EpisodePage.swift; sourceTree = "<group>"; };
		A2000011 /* CatalogRoute.swift */ = {isa = PBXFileReference; lastKnownFileType = sourcecode.swift; path = CatalogRoute.swift; sourceTree = "<group>"; };
		A2000012 /* EpisodeFormatting.swift */ = {isa = PBXFileReference; lastKnownFileType = sourcecode.swift; path = EpisodeFormatting.swift; sourceTree = "<group>"; };
		A2000013 /* PodcastCatalogClient.swift */ = {isa = PBXFileReference; lastKnownFileType = sourcecode.swift; path = PodcastCatalogClient.swift; sourceTree = "<group>"; };
		A2000014 /* SearchView.swift */ = {isa = PBXFileReference; lastKnownFileType = sourcecode.swift; path = SearchView.swift; sourceTree = "<group>"; };
		A2000015 /* ShowDetailView.swift */ = {isa = PBXFileReference; lastKnownFileType = sourcecode.swift; path = ShowDetailView.swift; sourceTree = "<group>"; };
		A2000016 /* EpisodeDetailView.swift */ = {isa = PBXFileReference; lastKnownFileType = sourcecode.swift; path = EpisodeDetailView.swift; sourceTree = "<group>"; };
		A2000017 /* Subscription.swift */ = {isa = PBXFileReference; lastKnownFileType = sourcecode.swift; path = Subscription.swift; sourceTree = "<group>"; };
		A2000018 /* SubscriptionClient.swift */ = {isa = PBXFileReference; lastKnownFileType = sourcecode.swift; path = SubscriptionClient.swift; sourceTree = "<group>"; };
		W2000001 /* SubscriptionSortOrder.swift */ = {isa = PBXFileReference; lastKnownFileType = sourcecode.swift; path = SubscriptionSortOrder.swift; sourceTree = "<group>"; };
		W2000002 /* SubscriptionSort.swift */ = {isa = PBXFileReference; lastKnownFileType = sourcecode.swift; path = SubscriptionSort.swift; sourceTree = "<group>"; };
		X2000001 /* SubscriptionManualReorderRow.swift */ = {isa = PBXFileReference; lastKnownFileType = sourcecode.swift; path = SubscriptionManualReorderRow.swift; sourceTree = "<group>"; };
		W2000003 /* SubscriptionSortTests.swift */ = {isa = PBXFileReference; lastKnownFileType = sourcecode.swift; path = SubscriptionSortTests.swift; sourceTree = "<group>"; };
		A2000030 /* DeviceTokenClient.swift */ = {isa = PBXFileReference; lastKnownFileType = sourcecode.swift; path = DeviceTokenClient.swift; sourceTree = "<group>"; };
		A2000031 /* PushNotificationManager.swift */ = {isa = PBXFileReference; lastKnownFileType = sourcecode.swift; path = PushNotificationManager.swift; sourceTree = "<group>"; };
		A2000032 /* Kuulla.entitlements */ = {isa = PBXFileReference; lastKnownFileType = text.plist.entitlements; path = Kuulla.entitlements; sourceTree = "<group>"; };
		A2000040 /* DeepLinkRouter.swift */ = {isa = PBXFileReference; lastKnownFileType = sourcecode.swift; path = DeepLinkRouter.swift; sourceTree = "<group>"; };
		A2000050 /* Theme.swift */ = {isa = PBXFileReference; lastKnownFileType = sourcecode.swift; path = Theme.swift; sourceTree = "<group>"; };
		A2000051 /* Typography.swift */ = {isa = PBXFileReference; lastKnownFileType = sourcecode.swift; path = Typography.swift; sourceTree = "<group>"; };
		A2000060 /* Manrope.ttf */ = {isa = PBXFileReference; lastKnownFileType = file; path = Fonts/Manrope.ttf; sourceTree = "<group>"; };
		A2000061 /* SpaceGrotesk.ttf */ = {isa = PBXFileReference; lastKnownFileType = file; path = Fonts/SpaceGrotesk.ttf; sourceTree = "<group>"; };
		A2000062 /* JetBrainsMono.ttf */ = {isa = PBXFileReference; lastKnownFileType = file; path = Fonts/JetBrainsMono.ttf; sourceTree = "<group>"; };
		A2000063 /* Manrope-OFL.txt */ = {isa = PBXFileReference; lastKnownFileType = text; path = "Fonts/LICENSES/Manrope-OFL.txt"; sourceTree = "<group>"; };
		A2000064 /* SpaceGrotesk-OFL.txt */ = {isa = PBXFileReference; lastKnownFileType = text; path = "Fonts/LICENSES/SpaceGrotesk-OFL.txt"; sourceTree = "<group>"; };
		A2000065 /* JetBrainsMono-OFL.txt */ = {isa = PBXFileReference; lastKnownFileType = text; path = "Fonts/LICENSES/JetBrainsMono-OFL.txt"; sourceTree = "<group>"; };
		A2000019 /* SubscriptionsView.swift */ = {isa = PBXFileReference; lastKnownFileType = sourcecode.swift; path = SubscriptionsView.swift; sourceTree = "<group>"; };
		A2000020 /* UserSettings.swift */ = {isa = PBXFileReference; lastKnownFileType = sourcecode.swift; path = UserSettings.swift; sourceTree = "<group>"; };
		A2000021 /* ShowSettings.swift */ = {isa = PBXFileReference; lastKnownFileType = sourcecode.swift; path = ShowSettings.swift; sourceTree = "<group>"; };
		A2000022 /* SettingsClient.swift */ = {isa = PBXFileReference; lastKnownFileType = sourcecode.swift; path = SettingsClient.swift; sourceTree = "<group>"; };
		A2000024 /* SettingsView.swift */ = {isa = PBXFileReference; lastKnownFileType = sourcecode.swift; path = SettingsView.swift; sourceTree = "<group>"; };
		Q2000001 /* UserSettingsRecord.swift */ = {isa = PBXFileReference; lastKnownFileType = sourcecode.swift; path = UserSettingsRecord.swift; sourceTree = "<group>"; };
		Q2000002 /* SettingsSyncAdapter.swift */ = {isa = PBXFileReference; lastKnownFileType = sourcecode.swift; path = SettingsSyncAdapter.swift; sourceTree = "<group>"; };
		Q2000003 /* SettingsSyncEngineEnvironment.swift */ = {isa = PBXFileReference; lastKnownFileType = sourcecode.swift; path = SettingsSyncEngineEnvironment.swift; sourceTree = "<group>"; };
		Q2000004 /* SettingsSyncAdapterTests.swift */ = {isa = PBXFileReference; lastKnownFileType = sourcecode.swift; path = SettingsSyncAdapterTests.swift; sourceTree = "<group>"; };
		A2000025 /* ShowSettingsSheet.swift */ = {isa = PBXFileReference; lastKnownFileType = sourcecode.swift; path = ShowSettingsSheet.swift; sourceTree = "<group>"; };
		M2000001 /* AutoArchiveRule.swift */ = {isa = PBXFileReference; lastKnownFileType = sourcecode.swift; path = AutoArchiveRule.swift; sourceTree = "<group>"; };
		N2000001 /* AutoSkipDuration.swift */ = {isa = PBXFileReference; lastKnownFileType = sourcecode.swift; path = AutoSkipDuration.swift; sourceTree = "<group>"; };
		N2000002 /* PlaybackSpeedOption.swift */ = {isa = PBXFileReference; lastKnownFileType = sourcecode.swift; path = PlaybackSpeedOption.swift; sourceTree = "<group>"; };
		N2000003 /* ShowIconSize.swift */ = {isa = PBXFileReference; lastKnownFileType = sourcecode.swift; path = ShowIconSize.swift; sourceTree = "<group>"; };
		F2000001 /* Syncable.swift */ = {isa = PBXFileReference; lastKnownFileType = sourcecode.swift; path = Syncable.swift; sourceTree = "<group>"; };
		F2000002 /* SyncCursor.swift */ = {isa = PBXFileReference; lastKnownFileType = sourcecode.swift; path = SyncCursor.swift; sourceTree = "<group>"; };
		F2000003 /* SyncEngine.swift */ = {isa = PBXFileReference; lastKnownFileType = sourcecode.swift; path = SyncEngine.swift; sourceTree = "<group>"; };
		F2000004 /* EpisodeStateRecord.swift */ = {isa = PBXFileReference; lastKnownFileType = sourcecode.swift; path = EpisodeStateRecord.swift; sourceTree = "<group>"; };
		F2000005 /* EpisodeSyncAdapter.swift */ = {isa = PBXFileReference; lastKnownFileType = sourcecode.swift; path = EpisodeSyncAdapter.swift; sourceTree = "<group>"; };
		F2000006 /* CrossDeviceResume.swift */ = {isa = PBXFileReference; lastKnownFileType = sourcecode.swift; path = CrossDeviceResume.swift; sourceTree = "<group>"; };
		F2000007 /* CrossDeviceResumeTests.swift */ = {isa = PBXFileReference; lastKnownFileType = sourcecode.swift; path = CrossDeviceResumeTests.swift; sourceTree = "<group>"; };
		P2000001 /* DownloadedEpisodeRecord.swift */ = {isa = PBXFileReference; lastKnownFileType = sourcecode.swift; path = DownloadedEpisodeRecord.swift; sourceTree = "<group>"; };
		P2000003 /* DownloadManager.swift */ = {isa = PBXFileReference; lastKnownFileType = sourcecode.swift; path = DownloadManager.swift; sourceTree = "<group>"; };
		G2000001 /* FeedView.swift */ = {isa = PBXFileReference; lastKnownFileType = sourcecode.swift; path = FeedView.swift; sourceTree = "<group>"; };
		G2000002 /* EpisodeStatus.swift */ = {isa = PBXFileReference; lastKnownFileType = sourcecode.swift; path = EpisodeStatus.swift; sourceTree = "<group>"; };
		G2000003 /* EpisodeSyncEngineEnvironment.swift */ = {isa = PBXFileReference; lastKnownFileType = sourcecode.swift; path = EpisodeSyncEngineEnvironment.swift; sourceTree = "<group>"; };
		J2000001 /* Playlist.swift */ = {isa = PBXFileReference; lastKnownFileType = sourcecode.swift; path = Playlist.swift; sourceTree = "<group>"; };
		J2000002 /* PlaylistSyncAdapter.swift */ = {isa = PBXFileReference; lastKnownFileType = sourcecode.swift; path = PlaylistSyncAdapter.swift; sourceTree = "<group>"; };
		J2000003 /* PlaylistSyncEngineEnvironment.swift */ = {isa = PBXFileReference; lastKnownFileType = sourcecode.swift; path = PlaylistSyncEngineEnvironment.swift; sourceTree = "<group>"; };
		J2000004 /* PlaylistClient.swift */ = {isa = PBXFileReference; lastKnownFileType = sourcecode.swift; path = PlaylistClient.swift; sourceTree = "<group>"; };
		J2000005 /* PlaylistsView.swift */ = {isa = PBXFileReference; lastKnownFileType = sourcecode.swift; path = PlaylistsView.swift; sourceTree = "<group>"; };
		J2000006 /* PlaylistDetailView.swift */ = {isa = PBXFileReference; lastKnownFileType = sourcecode.swift; path = PlaylistDetailView.swift; sourceTree = "<group>"; };
		J2000007 /* AddToPlaylistSheet.swift */ = {isa = PBXFileReference; lastKnownFileType = sourcecode.swift; path = AddToPlaylistSheet.swift; sourceTree = "<group>"; };
		J2000008 /* PlaylistSyncAdapterTests.swift */ = {isa = PBXFileReference; lastKnownFileType = sourcecode.swift; path = PlaylistSyncAdapterTests.swift; sourceTree = "<group>"; };
		J2000009 /* PlaylistClientTests.swift */ = {isa = PBXFileReference; lastKnownFileType = sourcecode.swift; path = PlaylistClientTests.swift; sourceTree = "<group>"; };
		J2000010 /* UpNextView.swift */ = {isa = PBXFileReference; lastKnownFileType = sourcecode.swift; path = UpNextView.swift; sourceTree = "<group>"; };
		J2000011 /* PlaylistIcons.swift */ = {isa = PBXFileReference; lastKnownFileType = sourcecode.swift; path = PlaylistIcons.swift; sourceTree = "<group>"; };
		K2000001 /* LibraryView.swift */ = {isa = PBXFileReference; lastKnownFileType = sourcecode.swift; path = LibraryView.swift; sourceTree = "<group>"; };
		K2000002 /* UnplayedCounts.swift */ = {isa = PBXFileReference; lastKnownFileType = sourcecode.swift; path = UnplayedCounts.swift; sourceTree = "<group>"; };
		K2000003 /* UnplayedCountsTests.swift */ = {isa = PBXFileReference; lastKnownFileType = sourcecode.swift; path = UnplayedCountsTests.swift; sourceTree = "<group>"; };
		L2000001 /* EpisodeProgress.swift */ = {isa = PBXFileReference; lastKnownFileType = sourcecode.swift; path = EpisodeProgress.swift; sourceTree = "<group>"; };
		L2000002 /* EpisodeListFilter.swift */ = {isa = PBXFileReference; lastKnownFileType = sourcecode.swift; path = EpisodeListFilter.swift; sourceTree = "<group>"; };
		L2000003 /* EpisodeProgressTests.swift */ = {isa = PBXFileReference; lastKnownFileType = sourcecode.swift; path = EpisodeProgressTests.swift; sourceTree = "<group>"; };
		L2000004 /* EpisodeListFilterTests.swift */ = {isa = PBXFileReference; lastKnownFileType = sourcecode.swift; path = EpisodeListFilterTests.swift; sourceTree = "<group>"; };
		D2000001 /* MockURLProtocol.swift */ = {isa = PBXFileReference; lastKnownFileType = sourcecode.swift; path = MockURLProtocol.swift; sourceTree = "<group>"; };
		D2000002 /* ApiClientTests.swift */ = {isa = PBXFileReference; lastKnownFileType = sourcecode.swift; path = ApiClientTests.swift; sourceTree = "<group>"; };
		D2000003 /* PodcastCatalogClientTests.swift */ = {isa = PBXFileReference; lastKnownFileType = sourcecode.swift; path = PodcastCatalogClientTests.swift; sourceTree = "<group>"; };
		D2000004 /* SubscriptionClientTests.swift */ = {isa = PBXFileReference; lastKnownFileType = sourcecode.swift; path = SubscriptionClientTests.swift; sourceTree = "<group>"; };
		D2000020 /* DeviceTokenClientTests.swift */ = {isa = PBXFileReference; lastKnownFileType = sourcecode.swift; path = DeviceTokenClientTests.swift; sourceTree = "<group>"; };
		D2000021 /* PushNotificationManagerTests.swift */ = {isa = PBXFileReference; lastKnownFileType = sourcecode.swift; path = PushNotificationManagerTests.swift; sourceTree = "<group>"; };
		D2000050 /* PushNotificationRoutingTests.swift */ = {isa = PBXFileReference; lastKnownFileType = sourcecode.swift; path = PushNotificationRoutingTests.swift; sourceTree = "<group>"; };
		D2000005 /* EpisodeDurationParsingTests.swift */ = {isa = PBXFileReference; lastKnownFileType = sourcecode.swift; path = EpisodeDurationParsingTests.swift; sourceTree = "<group>"; };
		D2000006 /* EpisodeDecodingTests.swift */ = {isa = PBXFileReference; lastKnownFileType = sourcecode.swift; path = EpisodeDecodingTests.swift; sourceTree = "<group>"; };
		D2000007 /* EpisodeFormattingTests.swift */ = {isa = PBXFileReference; lastKnownFileType = sourcecode.swift; path = EpisodeFormattingTests.swift; sourceTree = "<group>"; };
		D2000008 /* AudioPlayerTests.swift */ = {isa = PBXFileReference; lastKnownFileType = sourcecode.swift; path = AudioPlayerTests.swift; sourceTree = "<group>"; };
		D2000009 /* AuthManagerTests.swift */ = {isa = PBXFileReference; lastKnownFileType = sourcecode.swift; path = AuthManagerTests.swift; sourceTree = "<group>"; };
		D2000010 /* SettingsClientTests.swift */ = {isa = PBXFileReference; lastKnownFileType = sourcecode.swift; path = SettingsClientTests.swift; sourceTree = "<group>"; };
		D2000011 /* SyncEngineTests.swift */ = {isa = PBXFileReference; lastKnownFileType = sourcecode.swift; path = SyncEngineTests.swift; sourceTree = "<group>"; };
		H2000001 /* EpisodeStatusTests.swift */ = {isa = PBXFileReference; lastKnownFileType = sourcecode.swift; path = EpisodeStatusTests.swift; sourceTree = "<group>"; };
		H2000002 /* CarPlaySceneDelegateTests.swift */ = {isa = PBXFileReference; lastKnownFileType = sourcecode.swift; path = CarPlaySceneDelegateTests.swift; sourceTree = "<group>"; };
		H2000003 /* ShowIconSizeTests.swift */ = {isa = PBXFileReference; lastKnownFileType = sourcecode.swift; path = ShowIconSizeTests.swift; sourceTree = "<group>"; };
		D3000000 /* KuullaTests.xctest */ = {isa = PBXFileReference; explicitFileType = wrapper.cfbundle; includeInIndex = 0; path = KuullaTests.xctest; sourceTree = BUILT_PRODUCTS_DIR; };
		E2000001 /* UITestSupport.swift */ = {isa = PBXFileReference; lastKnownFileType = sourcecode.swift; path = UITestSupport.swift; sourceTree = "<group>"; };
		E2000002 /* SearchAndSubscribeUITests.swift */ = {isa = PBXFileReference; lastKnownFileType = sourcecode.swift; path = SearchAndSubscribeUITests.swift; sourceTree = "<group>"; };
		E2000003 /* PlaybackUITests.swift */ = {isa = PBXFileReference; lastKnownFileType = sourcecode.swift; path = PlaybackUITests.swift; sourceTree = "<group>"; };
		E3000000 /* KuullaUITests.xctest */ = {isa = PBXFileReference; explicitFileType = wrapper.cfbundle; includeInIndex = 0; path = KuullaUITests.xctest; sourceTree = BUILT_PRODUCTS_DIR; };
		P2000002 /* DownloadedEpisodeRecordTests.swift */ = {isa = PBXFileReference; lastKnownFileType = sourcecode.swift; path = DownloadedEpisodeRecordTests.swift; sourceTree = "<group>"; };
		P2000004 /* DownloadManagerTests.swift */ = {isa = PBXFileReference; lastKnownFileType = sourcecode.swift; path = DownloadManagerTests.swift; sourceTree = "<group>"; };
		P2000005 /* EpisodeDetailViewTests.swift */ = {isa = PBXFileReference; lastKnownFileType = sourcecode.swift; path = EpisodeDetailViewTests.swift; sourceTree = "<group>"; };
		P2000006 /* DownloadsView.swift */ = {isa = PBXFileReference; lastKnownFileType = sourcecode.swift; path = DownloadsView.swift; sourceTree = "<group>"; };
		P2000008 /* DownloadButton.swift */ = {isa = PBXFileReference; lastKnownFileType = sourcecode.swift; path = DownloadButton.swift; sourceTree = "<group>"; };
		P2000010 /* LocalSettings.swift */ = {isa = PBXFileReference; lastKnownFileType = sourcecode.swift; path = LocalSettings.swift; sourceTree = "<group>"; };
		P2000011 /* AutoDeleteRule.swift */ = {isa = PBXFileReference; lastKnownFileType = sourcecode.swift; path = AutoDeleteRule.swift; sourceTree = "<group>"; };
		P2000012 /* UserSettingsTests.swift */ = {isa = PBXFileReference; lastKnownFileType = sourcecode.swift; path = UserSettingsTests.swift; sourceTree = "<group>"; };
		P2000013 /* ShowSettingsTests.swift */ = {isa = PBXFileReference; lastKnownFileType = sourcecode.swift; path = ShowSettingsTests.swift; sourceTree = "<group>"; };
		R2000002 /* SmartSpeedProcessorTests.swift */ = {isa = PBXFileReference; lastKnownFileType = sourcecode.swift; path = SmartSpeedProcessorTests.swift; sourceTree = "<group>"; };
		P2000014 /* FeedViewTests.swift */ = {isa = PBXFileReference; lastKnownFileType = sourcecode.swift; path = FeedViewTests.swift; sourceTree = "<group>"; };
		P2000009 /* DownloadButtonTests.swift */ = {isa = PBXFileReference; lastKnownFileType = sourcecode.swift; path = DownloadButtonTests.swift; sourceTree = "<group>"; };
		P2000007 /* DownloadsViewTests.swift */ = {isa = PBXFileReference; lastKnownFileType = sourcecode.swift; path = DownloadsViewTests.swift; sourceTree = "<group>"; };
		C2000001 /* CarPlaySceneDelegate.swift */ = {isa = PBXFileReference; lastKnownFileType = sourcecode.swift; path = CarPlaySceneDelegate.swift; sourceTree = "<group>"; };
		S2000001 /* ShowRow.swift */ = {isa = PBXFileReference; lastKnownFileType = sourcecode.swift; path = ShowRow.swift; sourceTree = "<group>"; };
		S2000002 /* DiscoveryCategory.swift */ = {isa = PBXFileReference; lastKnownFileType = sourcecode.swift; path = DiscoveryCategory.swift; sourceTree = "<group>"; };
		S2000003 /* Discovery.swift */ = {isa = PBXFileReference; lastKnownFileType = sourcecode.swift; path = Discovery.swift; sourceTree = "<group>"; };
		S2000004 /* CategoryDiscovery.swift */ = {isa = PBXFileReference; lastKnownFileType = sourcecode.swift; path = CategoryDiscovery.swift; sourceTree = "<group>"; };
		S2000005 /* DiscoveryView.swift */ = {isa = PBXFileReference; lastKnownFileType = sourcecode.swift; path = DiscoveryView.swift; sourceTree = "<group>"; };
		S2000006 /* DiscoveryCategoryDetailView.swift */ = {isa = PBXFileReference; lastKnownFileType = sourcecode.swift; path = DiscoveryCategoryDetailView.swift; sourceTree = "<group>"; };
		T2000001 /* SleepTimerDuration.swift */ = {isa = PBXFileReference; lastKnownFileType = sourcecode.swift; path = SleepTimerDuration.swift; sourceTree = "<group>"; };
		T2000002 /* SleepTimerSheet.swift */ = {isa = PBXFileReference; lastKnownFileType = sourcecode.swift; path = SleepTimerSheet.swift; sourceTree = "<group>"; };
		T2000003 /* SleepTimerSheetTests.swift */ = {isa = PBXFileReference; lastKnownFileType = sourcecode.swift; path = SleepTimerSheetTests.swift; sourceTree = "<group>"; };
		Z2000001 /* ChapterScrubber.swift */ = {isa = PBXFileReference; lastKnownFileType = sourcecode.swift; path = ChapterScrubber.swift; sourceTree = "<group>"; };
		Z2000002 /* ChapterScrubberTests.swift */ = {isa = PBXFileReference; lastKnownFileType = sourcecode.swift; path = ChapterScrubberTests.swift; sourceTree = "<group>"; };
		Z2000003 /* Transcript.swift */ = {isa = PBXFileReference; lastKnownFileType = sourcecode.swift; path = Transcript.swift; sourceTree = "<group>"; };
		Z2000004 /* TranscriptView.swift */ = {isa = PBXFileReference; lastKnownFileType = sourcecode.swift; path = TranscriptView.swift; sourceTree = "<group>"; };
		Z2000005 /* TranscriptTests.swift */ = {isa = PBXFileReference; lastKnownFileType = sourcecode.swift; path = TranscriptTests.swift; sourceTree = "<group>"; };
		V2000001 /* SafariView.swift */ = {isa = PBXFileReference; lastKnownFileType = sourcecode.swift; path = SafariView.swift; sourceTree = "<group>"; };
/* End PBXFileReference section */

/* Begin PBXGroup section */
		A3000000 = {
			isa = PBXGroup;
			children = (
				A3000001 /* Kuulla */,
				D4000000 /* KuullaTests */,
				E4000000 /* KuullaUITests */,
				A3000002 /* Products */,
			);
			sourceTree = "<group>";
		};
		A3000001 /* Kuulla */ = {
			isa = PBXGroup;
			children = (
				A2000001 /* KuullaApp.swift */,
				A2000002 /* ContentView.swift */,
				A2000004 /* ApiClient.swift */,
				A2000005 /* AudioPlayer.swift */,
				R2000001 /* SmartSpeedProcessor.swift */,
				A2000006 /* AuthManager.swift */,
				A2000008 /* Show.swift */,
				A2000009 /* Episode.swift */,
				A2000010 /* EpisodePage.swift */,
				A2000011 /* CatalogRoute.swift */,
				A2000012 /* EpisodeFormatting.swift */,
				A2000013 /* PodcastCatalogClient.swift */,
				A2000014 /* SearchView.swift */,
				A2000015 /* ShowDetailView.swift */,
				A2000016 /* EpisodeDetailView.swift */,
				A2000017 /* Subscription.swift */,
				A2000018 /* SubscriptionClient.swift */,
				W2000001 /* SubscriptionSortOrder.swift */,
				W2000002 /* SubscriptionSort.swift */,
				X2000001 /* SubscriptionManualReorderRow.swift */,
				A2000030 /* DeviceTokenClient.swift */,
				A2000031 /* PushNotificationManager.swift */,
				A2000032 /* Kuulla.entitlements */,
				A2000040 /* DeepLinkRouter.swift */,
				C2000001 /* CarPlaySceneDelegate.swift */,
				A2000019 /* SubscriptionsView.swift */,
				A2000020 /* UserSettings.swift */,
				A2000021 /* ShowSettings.swift */,
				A2000022 /* SettingsClient.swift */,
				A2000024 /* SettingsView.swift */,
				A2000025 /* ShowSettingsSheet.swift */,
				Q2000001 /* UserSettingsRecord.swift */,
				Q2000002 /* SettingsSyncAdapter.swift */,
				Q2000003 /* SettingsSyncEngineEnvironment.swift */,
				M2000001 /* AutoArchiveRule.swift */,
				P2000011 /* AutoDeleteRule.swift */,
				N2000001 /* AutoSkipDuration.swift */,
				N2000002 /* PlaybackSpeedOption.swift */,
				N2000003 /* ShowIconSize.swift */,
				F2000001 /* Syncable.swift */,
				F2000002 /* SyncCursor.swift */,
				F2000003 /* SyncEngine.swift */,
				F2000004 /* EpisodeStateRecord.swift */,
				F2000005 /* EpisodeSyncAdapter.swift */,
				F2000006 /* CrossDeviceResume.swift */,
				P2000001 /* DownloadedEpisodeRecord.swift */,
				P2000003 /* DownloadManager.swift */,
				P2000006 /* DownloadsView.swift */,
				P2000008 /* DownloadButton.swift */,
				P2000010 /* LocalSettings.swift */,
				G2000001 /* FeedView.swift */,
				G2000002 /* EpisodeStatus.swift */,
				G2000003 /* EpisodeSyncEngineEnvironment.swift */,
				J2000001 /* Playlist.swift */,
				J2000002 /* PlaylistSyncAdapter.swift */,
				J2000003 /* PlaylistSyncEngineEnvironment.swift */,
				J2000004 /* PlaylistClient.swift */,
				J2000005 /* PlaylistsView.swift */,
				J2000006 /* PlaylistDetailView.swift */,
				J2000007 /* AddToPlaylistSheet.swift */,
				J2000010 /* UpNextView.swift */,
				J2000011 /* PlaylistIcons.swift */,
				K2000001 /* LibraryView.swift */,
				K2000002 /* UnplayedCounts.swift */,
				L2000001 /* EpisodeProgress.swift */,
				L2000002 /* EpisodeListFilter.swift */,
				S2000001 /* ShowRow.swift */,
				S2000002 /* DiscoveryCategory.swift */,
				S2000003 /* Discovery.swift */,
				S2000004 /* CategoryDiscovery.swift */,
				S2000005 /* DiscoveryView.swift */,
				S2000006 /* DiscoveryCategoryDetailView.swift */,
				T2000001 /* SleepTimerDuration.swift */,
				T2000002 /* SleepTimerSheet.swift */,
				Z2000001 /* ChapterScrubber.swift */,
				Z2000003 /* Transcript.swift */,
				Z2000004 /* TranscriptView.swift */,
				V2000001 /* SafariView.swift */,
				A2000050 /* Theme.swift */,
				A2000051 /* Typography.swift */,
				A2000060 /* Manrope.ttf */,
				A2000061 /* SpaceGrotesk.ttf */,
				A2000062 /* JetBrainsMono.ttf */,
				A2000063 /* Manrope-OFL.txt */,
				A2000064 /* SpaceGrotesk-OFL.txt */,
				A2000065 /* JetBrainsMono-OFL.txt */,
				A2000003 /* Assets.xcassets */,
				A2000007 /* Info.plist */,
			);
			path = Kuulla;
			sourceTree = "<group>";
		};
		A3000002 /* Products */ = {
			isa = PBXGroup;
			children = (
				A2000000 /* Kuulla.app */,
				D3000000 /* KuullaTests.xctest */,
				E3000000 /* KuullaUITests.xctest */,
			);
			name = Products;
			sourceTree = "<group>";
		};
		D4000000 /* KuullaTests */ = {
			isa = PBXGroup;
			children = (
				D2000001 /* MockURLProtocol.swift */,
				D2000002 /* ApiClientTests.swift */,
				D2000003 /* PodcastCatalogClientTests.swift */,
				D2000004 /* SubscriptionClientTests.swift */,
				W2000003 /* SubscriptionSortTests.swift */,
				D2000020 /* DeviceTokenClientTests.swift */,
				D2000021 /* PushNotificationManagerTests.swift */,
				D2000050 /* PushNotificationRoutingTests.swift */,
				D2000005 /* EpisodeDurationParsingTests.swift */,
				D2000006 /* EpisodeDecodingTests.swift */,
				D2000007 /* EpisodeFormattingTests.swift */,
				D2000008 /* AudioPlayerTests.swift */,
				D2000009 /* AuthManagerTests.swift */,
				D2000010 /* SettingsClientTests.swift */,
				D2000011 /* SyncEngineTests.swift */,
				F2000007 /* CrossDeviceResumeTests.swift */,
				H2000001 /* EpisodeStatusTests.swift */,
				H2000002 /* CarPlaySceneDelegateTests.swift */,
				H2000003 /* ShowIconSizeTests.swift */,
				J2000008 /* PlaylistSyncAdapterTests.swift */,
				Q2000004 /* SettingsSyncAdapterTests.swift */,
				J2000009 /* PlaylistClientTests.swift */,
				K2000003 /* UnplayedCountsTests.swift */,
				L2000003 /* EpisodeProgressTests.swift */,
				L2000004 /* EpisodeListFilterTests.swift */,
				P2000002 /* DownloadedEpisodeRecordTests.swift */,
				P2000004 /* DownloadManagerTests.swift */,
				P2000005 /* EpisodeDetailViewTests.swift */,
				P2000007 /* DownloadsViewTests.swift */,
				P2000009 /* DownloadButtonTests.swift */,
				P2000012 /* UserSettingsTests.swift */,
				P2000013 /* ShowSettingsTests.swift */,
				P2000014 /* FeedViewTests.swift */,
				R2000002 /* SmartSpeedProcessorTests.swift */,
				T2000003 /* SleepTimerSheetTests.swift */,
				Z2000002 /* ChapterScrubberTests.swift */,
				Z2000005 /* TranscriptTests.swift */,
			);
			path = KuullaTests;
			sourceTree = "<group>";
		};
		E4000000 /* KuullaUITests */ = {
			isa = PBXGroup;
			children = (
				E2000001 /* UITestSupport.swift */,
				E2000002 /* SearchAndSubscribeUITests.swift */,
				E2000003 /* PlaybackUITests.swift */,
			);
			path = KuullaUITests;
			sourceTree = "<group>";
		};
/* End PBXGroup section */

/* Begin PBXNativeTarget section */
		A4000000 /* Kuulla */ = {
			isa = PBXNativeTarget;
			buildConfigurationList = A6000000;
			buildPhases = (
				A5000001 /* Sources */,
				A5000002 /* Resources */,
				B9000004 /* Frameworks */,
			);
			buildRules = (
			);
			dependencies = (
			);
			name = Kuulla;
			packageProductDependencies = (
				B9000002 /* GoogleSignIn */,
			);
			productName = Kuulla;
			productReference = A2000000;
			productType = "com.apple.product-type.application";
		};
		D5000000 /* KuullaTests */ = {
			isa = PBXNativeTarget;
			buildConfigurationList = D7000000;
			buildPhases = (
				D6000001 /* Sources */,
				D6000002 /* Frameworks */,
			);
			buildRules = (
			);
			dependencies = (
				D8000001 /* PBXTargetDependency */,
			);
			name = KuullaTests;
			productName = KuullaTests;
			productReference = D3000000 /* KuullaTests.xctest */;
			productType = "com.apple.product-type.bundle.unit-test";
		};
		E5000000 /* KuullaUITests */ = {
			isa = PBXNativeTarget;
			buildConfigurationList = E7000000;
			buildPhases = (
				E6000001 /* Sources */,
				E6000002 /* Frameworks */,
			);
			buildRules = (
			);
			dependencies = (
				E8000001 /* PBXTargetDependency */,
			);
			name = KuullaUITests;
			productName = KuullaUITests;
			productReference = E3000000 /* KuullaUITests.xctest */;
			productType = "com.apple.product-type.bundle.ui-testing";
		};
/* End PBXNativeTarget section */

/* Begin PBXProject section */
		A7000000 /* Project object */ = {
			isa = PBXProject;
			attributes = {
				BuildIndependentTargetsInParallel = 1;
				LastSwiftUpdateCheck = 1600;
				LastUpgradeCheck = 1600;
			};
			buildConfigurationList = A6000002;
			compatibilityVersion = "Xcode 14.0";
			developmentRegion = en;
			hasScannedForEncodings = 0;
			knownRegions = (
				en,
				Base,
			);
			mainGroup = A3000000;
			packageReferences = (
				B9000001 /* XCRemoteSwiftPackageReference "GoogleSignIn-iOS" */,
			);
			productRefGroup = A3000002;
			projectDirPath = "";
			projectRoot = "";
			targets = (
				A4000000 /* Kuulla */,
				D5000000 /* KuullaTests */,
				E5000000 /* KuullaUITests */,
			);
		};
/* End PBXProject section */

/* Begin PBXSourcesBuildPhase section */
		A5000001 /* Sources */ = {
			isa = PBXSourcesBuildPhase;
			buildActionMask = 2147483647;
			files = (
				A1000001,
				A1000002,
				A1000004,
				A1000005,
				A1000006,
				A1000007,
				A1000008,
				A1000009,
				A1000010,
				A1000011,
				A1000012,
				A1000013,
				A1000014,
				A1000015,
				A1000016,
				A1000017,
				W1000001,
				W1000002,
				X1000001,
				A1000030,
				A1000031,
				A1000040,
				A1000050,
				A1000051,
				C1000001,
				A1000018,
				A1000019,
				A1000020,
				A1000021,
				A1000023,
				A1000024,
				Q1000001,
				Q1000002,
				Q1000003,
				M1000001,
				P1000011,
				N1000001,
				N1000002,
				N1000003,
				F1000001,
				F1000002,
				F1000003,
				F1000004,
				F1000005,
				F1000006,
				P1000001,
				P1000003,
				P1000006,
				P1000008,
				P1000010,
				G1000001,
				G1000002,
				G1000003,
				J1000001,
				J1000002,
				J1000003,
				J1000004,
				J1000005,
				J1000006,
				J1000007,
				J1000010,
				J1000011,
				K1000001,
				K1000002,
				L1000001,
				L1000002,
				R1000001,
				S1000001,
				S1000002,
				S1000003,
				S1000004,
				S1000005,
				S1000006,
				T1000001,
				T1000002,
				Z1000001,
				Z1000003,
				Z1000004,
				V1000001,
			);
			runOnlyForDeploymentPostprocessing = 0;
		};
		D6000001 /* Sources */ = {
			isa = PBXSourcesBuildPhase;
			buildActionMask = 2147483647;
			files = (
				D1000001,
				D1000002,
				D1000003,
				D1000004,
				W1000003,
				D1000020,
				D1000021,
				D1000050,
				D1000005,
				D1000006,
				D1000007,
				D1000008,
				D1000009,
				D1000010,
				D1000011,
				F1000007,
				H1000001,
				H1000003,
				H1000002,
				J1000008,
				J1000009,
				Q1000004,
				K1000003,
				L1000003,
				L1000004,
				P1000002,
				P1000004,
				P1000005,
				P1000007,
				P1000009,
				P1000012,
				P1000013,
				P1000014,
				R1000002,
				T1000003,
				Z1000002,
				Z1000005,
			);
			runOnlyForDeploymentPostprocessing = 0;
		};
		E6000001 /* Sources */ = {
			isa = PBXSourcesBuildPhase;
			buildActionMask = 2147483647;
			files = (
				E1000001,
				E1000002,
				E1000003,
			);
			runOnlyForDeploymentPostprocessing = 0;
		};
/* End PBXSourcesBuildPhase section */

/* Begin PBXResourcesBuildPhase section */
		A5000002 /* Resources */ = {
			isa = PBXResourcesBuildPhase;
			buildActionMask = 2147483647;
			files = (
				A1000003,
				A1000060,
				A1000061,
				A1000062,
				A1000063,
				A1000064,
				A1000065,
			);
			runOnlyForDeploymentPostprocessing = 0;
		};
/* End PBXResourcesBuildPhase section */

/* Begin PBXFrameworksBuildPhase section */
		B9000004 /* Frameworks */ = {
			isa = PBXFrameworksBuildPhase;
			buildActionMask = 2147483647;
			files = (
				B9000003 /* GoogleSignIn in Frameworks */,
			);
			runOnlyForDeploymentPostprocessing = 0;
		};
		D6000002 /* Frameworks */ = {
			isa = PBXFrameworksBuildPhase;
			buildActionMask = 2147483647;
			files = (
			);
			runOnlyForDeploymentPostprocessing = 0;
		};
		E6000002 /* Frameworks */ = {
			isa = PBXFrameworksBuildPhase;
			buildActionMask = 2147483647;
			files = (
			);
			runOnlyForDeploymentPostprocessing = 0;
		};
/* End PBXFrameworksBuildPhase section */

/* Begin PBXTargetDependency section */
		D8000001 /* PBXTargetDependency */ = {
			isa = PBXTargetDependency;
			target = A4000000 /* Kuulla */;
			targetProxy = D8000002 /* PBXContainerItemProxy */;
		};
		E8000001 /* PBXTargetDependency */ = {
			isa = PBXTargetDependency;
			target = A4000000 /* Kuulla */;
			targetProxy = E8000002 /* PBXContainerItemProxy */;
		};
/* End PBXTargetDependency section */

/* Begin XCBuildConfiguration section */
		A8000000 /* Debug */ = {
			isa = XCBuildConfiguration;
			buildSettings = {
				APS_ENVIRONMENT = development;
				ASSETCATALOG_COMPILER_APPICON_NAME = AppIcon;
				CODE_SIGN_ENTITLEMENTS = Kuulla/Kuulla.entitlements;
				CODE_SIGN_STYLE = Automatic;
				CURRENT_PROJECT_VERSION = 1;
				ENABLE_TESTABILITY = YES;
				GENERATE_INFOPLIST_FILE = YES;
				INFOPLIST_FILE = Kuulla/Info.plist;
				INFOPLIST_KEY_UIApplicationSupportsIndirectInputEvents = YES;
				INFOPLIST_KEY_UILaunchScreen_Generation = YES;
				INFOPLIST_KEY_UISupportedInterfaceOrientations_iPad = "UIInterfaceOrientationPortrait UIInterfaceOrientationPortraitUpsideDown UIInterfaceOrientationLandscapeLeft UIInterfaceOrientationLandscapeRight";
				INFOPLIST_KEY_UISupportedInterfaceOrientations_iPhone = "UIInterfaceOrientationPortrait UIInterfaceOrientationLandscapeLeft UIInterfaceOrientationLandscapeRight";
				INFOPLIST_KEY_UIBackgroundModes = audio;
				IPHONEOS_DEPLOYMENT_TARGET = 17.0;
				MARKETING_VERSION = 1.0;
				PRODUCT_BUNDLE_IDENTIFIER = com.kuulla.app;
				PRODUCT_NAME = "$(TARGET_NAME)";
				SWIFT_EMIT_LOC_STRINGS = YES;
				SWIFT_VERSION = 5.0;
				TARGETED_DEVICE_FAMILY = "1";
			};
			name = Debug;
		};
		A8000001 /* Release */ = {
			isa = XCBuildConfiguration;
			buildSettings = {
				APS_ENVIRONMENT = production;
				ASSETCATALOG_COMPILER_APPICON_NAME = AppIcon;
				CODE_SIGN_ENTITLEMENTS = Kuulla/Kuulla.entitlements;
				CODE_SIGN_STYLE = Automatic;
				CURRENT_PROJECT_VERSION = 1;
				GENERATE_INFOPLIST_FILE = YES;
				INFOPLIST_FILE = Kuulla/Info.plist;
				INFOPLIST_KEY_UIApplicationSupportsIndirectInputEvents = YES;
				INFOPLIST_KEY_UILaunchScreen_Generation = YES;
				INFOPLIST_KEY_UISupportedInterfaceOrientations_iPad = "UIInterfaceOrientationPortrait UIInterfaceOrientationPortraitUpsideDown UIInterfaceOrientationLandscapeLeft UIInterfaceOrientationLandscapeRight";
				INFOPLIST_KEY_UISupportedInterfaceOrientations_iPhone = "UIInterfaceOrientationPortrait UIInterfaceOrientationLandscapeLeft UIInterfaceOrientationLandscapeRight";
				INFOPLIST_KEY_UIBackgroundModes = audio;
				IPHONEOS_DEPLOYMENT_TARGET = 17.0;
				MARKETING_VERSION = 1.0;
				PRODUCT_BUNDLE_IDENTIFIER = com.kuulla.app;
				PRODUCT_NAME = "$(TARGET_NAME)";
				SWIFT_EMIT_LOC_STRINGS = YES;
				SWIFT_VERSION = 5.0;
				TARGETED_DEVICE_FAMILY = "1";
			};
			name = Release;
		};
		A8000002 /* Debug */ = {
			isa = XCBuildConfiguration;
			buildSettings = {
				ALWAYS_SEARCH_USER_PATHS = NO;
				CLANG_ANALYZER_NONNULL = YES;
				CLANG_CXX_LANGUAGE_STANDARD = "gnu++20";
				CLANG_ENABLE_MODULES = YES;
				COPY_PHASE_STRIP = NO;
				DEBUG_INFORMATION_FORMAT = dwarf;
				ENABLE_STRICT_OBJC_MSGSEND = YES;
				GCC_DYNAMIC_NO_PIC = NO;
				GCC_OPTIMIZATION_LEVEL = 0;
				GCC_PREPROCESSOR_DEFINITIONS = (
					"DEBUG=1",
					"$(inherited)",
				);
				IPHONEOS_DEPLOYMENT_TARGET = 17.0;
				MTL_ENABLE_DEBUG_INFO = INCLUDE_SOURCE;
				ONLY_ACTIVE_ARCH = YES;
				SDKROOT = iphoneos;
				SWIFT_ACTIVE_COMPILATION_CONDITIONS = DEBUG;
				SWIFT_OPTIMIZATION_LEVEL = "-Onone";
			};
			name = Debug;
		};
		A8000003 /* Release */ = {
			isa = XCBuildConfiguration;
			buildSettings = {
				ALWAYS_SEARCH_USER_PATHS = NO;
				CLANG_ANALYZER_NONNULL = YES;
				CLANG_CXX_LANGUAGE_STANDARD = "gnu++20";
				CLANG_ENABLE_MODULES = YES;
				COPY_PHASE_STRIP = NO;
				DEBUG_INFORMATION_FORMAT = "dwarf-with-dsym";
				ENABLE_NS_ASSERTIONS = NO;
				ENABLE_STRICT_OBJC_MSGSEND = YES;
				GCC_OPTIMIZATION_LEVEL = s;
				IPHONEOS_DEPLOYMENT_TARGET = 17.0;
				MTL_ENABLE_DEBUG_INFO = NO;
				SDKROOT = iphoneos;
				SWIFT_COMPILATION_MODE = wholemodule;
				SWIFT_OPTIMIZATION_LEVEL = "-O";
				VALIDATE_PRODUCT = YES;
			};
			name = Release;
		};
		D9000001 /* Debug */ = {
			isa = XCBuildConfiguration;
			buildSettings = {
				BUNDLE_LOADER = "$(TEST_HOST)";
				CODE_SIGN_STYLE = Automatic;
				CURRENT_PROJECT_VERSION = 1;
				GENERATE_INFOPLIST_FILE = YES;
				IPHONEOS_DEPLOYMENT_TARGET = 17.0;
				MARKETING_VERSION = 1.0;
				PRODUCT_BUNDLE_IDENTIFIER = com.kuulla.app.KuullaTests;
				PRODUCT_NAME = "$(TARGET_NAME)";
				SWIFT_EMIT_LOC_STRINGS = YES;
				SWIFT_VERSION = 5.0;
				TARGETED_DEVICE_FAMILY = "1";
				TEST_HOST = "$(BUILT_PRODUCTS_DIR)/Kuulla.app/Kuulla";
			};
			name = Debug;
		};
		D9000002 /* Release */ = {
			isa = XCBuildConfiguration;
			buildSettings = {
				BUNDLE_LOADER = "$(TEST_HOST)";
				CODE_SIGN_STYLE = Automatic;
				CURRENT_PROJECT_VERSION = 1;
				GENERATE_INFOPLIST_FILE = YES;
				IPHONEOS_DEPLOYMENT_TARGET = 17.0;
				MARKETING_VERSION = 1.0;
				PRODUCT_BUNDLE_IDENTIFIER = com.kuulla.app.KuullaTests;
				PRODUCT_NAME = "$(TARGET_NAME)";
				SWIFT_EMIT_LOC_STRINGS = YES;
				SWIFT_VERSION = 5.0;
				TARGETED_DEVICE_FAMILY = "1";
				TEST_HOST = "$(BUILT_PRODUCTS_DIR)/Kuulla.app/Kuulla";
			};
			name = Release;
		};
		EA000001 /* Debug */ = {
			isa = XCBuildConfiguration;
			buildSettings = {
				CODE_SIGN_STYLE = Automatic;
				CURRENT_PROJECT_VERSION = 1;
				GENERATE_INFOPLIST_FILE = YES;
				IPHONEOS_DEPLOYMENT_TARGET = 17.0;
				MARKETING_VERSION = 1.0;
				PRODUCT_BUNDLE_IDENTIFIER = com.kuulla.app.KuullaUITests;
				PRODUCT_NAME = "$(TARGET_NAME)";
				SWIFT_EMIT_LOC_STRINGS = YES;
				SWIFT_VERSION = 5.0;
				TARGETED_DEVICE_FAMILY = "1";
				TEST_TARGET_NAME = Kuulla;
			};
			name = Debug;
		};
		EA000002 /* Release */ = {
			isa = XCBuildConfiguration;
			buildSettings = {
				CODE_SIGN_STYLE = Automatic;
				CURRENT_PROJECT_VERSION = 1;
				GENERATE_INFOPLIST_FILE = YES;
				IPHONEOS_DEPLOYMENT_TARGET = 17.0;
				MARKETING_VERSION = 1.0;
				PRODUCT_BUNDLE_IDENTIFIER = com.kuulla.app.KuullaUITests;
				PRODUCT_NAME = "$(TARGET_NAME)";
				SWIFT_EMIT_LOC_STRINGS = YES;
				SWIFT_VERSION = 5.0;
				TARGETED_DEVICE_FAMILY = "1";
				TEST_TARGET_NAME = Kuulla;
			};
			name = Release;
		};
/* End XCBuildConfiguration section */

/* Begin XCConfigurationList section */
		A6000000 /* Build configuration list for PBXNativeTarget "Kuulla" */ = {
			isa = XCConfigurationList;
			buildConfigurations = (
				A8000000 /* Debug */,
				A8000001 /* Release */,
			);
			defaultConfigurationIsVisible = 0;
			defaultConfigurationName = Release;
		};
		A6000002 /* Build configuration list for PBXProject "Kuulla" */ = {
			isa = XCConfigurationList;
			buildConfigurations = (
				A8000002 /* Debug */,
				A8000003 /* Release */,
			);
			defaultConfigurationIsVisible = 0;
			defaultConfigurationName = Release;
		};
		D7000000 /* Build configuration list for PBXNativeTarget "KuullaTests" */ = {
			isa = XCConfigurationList;
			buildConfigurations = (
				D9000001 /* Debug */,
				D9000002 /* Release */,
			);
			defaultConfigurationIsVisible = 0;
			defaultConfigurationName = Release;
		};
		E7000000 /* Build configuration list for PBXNativeTarget "KuullaUITests" */ = {
			isa = XCConfigurationList;
			buildConfigurations = (
				EA000001 /* Debug */,
				EA000002 /* Release */,
			);
			defaultConfigurationIsVisible = 0;
			defaultConfigurationName = Release;
		};
/* End XCConfigurationList section */

/* Begin XCRemoteSwiftPackageReference section */
		B9000001 /* XCRemoteSwiftPackageReference "GoogleSignIn-iOS" */ = {
			isa = XCRemoteSwiftPackageReference;
			repositoryURL = "https://github.com/google/GoogleSignIn-iOS";
			requirement = {
				kind = upToNextMajorVersion;
				minimumVersion = 9.0.0;
			};
		};
/* End XCRemoteSwiftPackageReference section */

/* Begin XCSwiftPackageProductDependency section */
		B9000002 /* GoogleSignIn */ = {
			isa = XCSwiftPackageProductDependency;
			package = B9000001 /* XCRemoteSwiftPackageReference "GoogleSignIn-iOS" */;
			productName = GoogleSignIn;
		};
/* End XCSwiftPackageProductDependency section */
	};
	rootObject = A7000000;
}
