// !$*UTF8*$!
{
	archiveVersion = 1;
	classes = {
	};
	objectVersion = 56;
	objects = {

/* Begin PBXBuildFile section */
		26538DB8EBE520C37A0EF6A3 /* Foundation.framework in Frameworks */ = {isa = PBXBuildFile; fileRef = 843D0AB500324B3BEB2AE889 /* Foundation.framework */; };
		5BC51D08963BB6FAEF42DD36 /* WatchNowPlayingState.swift in Sources */ = {isa = PBXBuildFile; fileRef = 5FDB46966384266B417BAE7B /* WatchNowPlayingState.swift */; };
		625CFBCB8FE6BCB4E790A7C2 /* Assets.xcassets in Resources */ = {isa = PBXBuildFile; fileRef = 8E62DCE9F476EB5F67915638 /* Assets.xcassets */; };
		783487B85C74372637C45E97 /* KuullaWatchApp.swift in Sources */ = {isa = PBXBuildFile; fileRef = 61CFFD4A39241CB14F23D36C /* KuullaWatchApp.swift */; };
		A1000001 /* KuullaApp.swift in Sources */ = {isa = PBXBuildFile; fileRef = A2000001 /* KuullaApp.swift */; };
		A1000002 /* ContentView.swift in Sources */ = {isa = PBXBuildFile; fileRef = A2000002 /* ContentView.swift */; };
		A1000003 /* Assets.xcassets in Resources */ = {isa = PBXBuildFile; fileRef = A2000003 /* Assets.xcassets */; };
		A1000004 /* ApiClient.swift in Sources */ = {isa = PBXBuildFile; fileRef = A2000004 /* ApiClient.swift */; };
		A1000005 /* AudioPlayer.swift in Sources */ = {isa = PBXBuildFile; fileRef = A2000005 /* AudioPlayer.swift */; };
		A1000006 /* AuthManager.swift in Sources */ = {isa = PBXBuildFile; fileRef = A2000006 /* AuthManager.swift */; };
		A1000007 /* Show.swift in Sources */ = {isa = PBXBuildFile; fileRef = A2000008 /* Show.swift */; };
		A1000008 /* Episode.swift in Sources */ = {isa = PBXBuildFile; fileRef = A2000009 /* Episode.swift */; };
		A1000009 /* EpisodePage.swift in Sources */ = {isa = PBXBuildFile; fileRef = A2000010 /* EpisodePage.swift */; };
		A1000010 /* CatalogRoute.swift in Sources */ = {isa = PBXBuildFile; fileRef = A2000011 /* CatalogRoute.swift */; };
		A1000011 /* EpisodeFormatting.swift in Sources */ = {isa = PBXBuildFile; fileRef = A2000012 /* EpisodeFormatting.swift */; };
		A1000012 /* PodcastCatalogClient.swift in Sources */ = {isa = PBXBuildFile; fileRef = A2000013 /* PodcastCatalogClient.swift */; };
		A1000013 /* SearchView.swift in Sources */ = {isa = PBXBuildFile; fileRef = A2000014 /* SearchView.swift */; };
		A1000014 /* ShowDetailView.swift in Sources */ = {isa = PBXBuildFile; fileRef = A2000015 /* ShowDetailView.swift */; };
		A1000015 /* EpisodeDetailView.swift in Sources */ = {isa = PBXBuildFile; fileRef = A2000016 /* EpisodeDetailView.swift */; };
		A1000016 /* Subscription.swift in Sources */ = {isa = PBXBuildFile; fileRef = A2000017 /* Subscription.swift */; };
		A1000017 /* SubscriptionClient.swift in Sources */ = {isa = PBXBuildFile; fileRef = A2000018 /* SubscriptionClient.swift */; };
		A1000018 /* SubscriptionsView.swift in Sources */ = {isa = PBXBuildFile; fileRef = A2000019 /* SubscriptionsView.swift */; };
		A1000019 /* UserSettings.swift in Sources */ = {isa = PBXBuildFile; fileRef = A2000020 /* UserSettings.swift */; };
		A1000020 /* ShowSettings.swift in Sources */ = {isa = PBXBuildFile; fileRef = A2000021 /* ShowSettings.swift */; };
		A1000021 /* SettingsClient.swift in Sources */ = {isa = PBXBuildFile; fileRef = A2000022 /* SettingsClient.swift */; };
		A1000023 /* SettingsView.swift in Sources */ = {isa = PBXBuildFile; fileRef = A2000024 /* SettingsView.swift */; };
		A1000024 /* ShowSettingsSheet.swift in Sources */ = {isa = PBXBuildFile; fileRef = A2000025 /* ShowSettingsSheet.swift */; };
		A1000030 /* DeviceTokenClient.swift in Sources */ = {isa = PBXBuildFile; fileRef = A2000030 /* DeviceTokenClient.swift */; };
		A1000031 /* PushNotificationManager.swift in Sources */ = {isa = PBXBuildFile; fileRef = A2000031 /* PushNotificationManager.swift */; };
		A1000040 /* DeepLinkRouter.swift in Sources */ = {isa = PBXBuildFile; fileRef = A2000040 /* DeepLinkRouter.swift */; };
		A1000050 /* Theme.swift in Sources */ = {isa = PBXBuildFile; fileRef = A2000050 /* Theme.swift */; };
		A1000051 /* Typography.swift in Sources */ = {isa = PBXBuildFile; fileRef = A2000051 /* Typography.swift */; };
		A1000060 /* Manrope.ttf in Resources */ = {isa = PBXBuildFile; fileRef = A2000060 /* Manrope.ttf */; };
		A1000061 /* SpaceGrotesk.ttf in Resources */ = {isa = PBXBuildFile; fileRef = A2000061 /* SpaceGrotesk.ttf */; };
		A1000062 /* JetBrainsMono.ttf in Resources */ = {isa = PBXBuildFile; fileRef = A2000062 /* JetBrainsMono.ttf */; };
		A1000063 /* Manrope-OFL.txt in Resources */ = {isa = PBXBuildFile; fileRef = A2000063 /* Manrope-OFL.txt */; };
		A1000064 /* SpaceGrotesk-OFL.txt in Resources */ = {isa = PBXBuildFile; fileRef = A2000064 /* SpaceGrotesk-OFL.txt */; };
		A1000065 /* JetBrainsMono-OFL.txt in Resources */ = {isa = PBXBuildFile; fileRef = A2000065 /* JetBrainsMono-OFL.txt */; };
		A2C0A036D61FD06B6BC6D962 /* KuullaWatch.app in Embed Watch Content */ = {isa = PBXBuildFile; fileRef = 29A120B52EB44457BAF2010B /* KuullaWatch.app */; settings = {ATTRIBUTES = (RemoveHeadersOnCopy, ); }; };
		AFE9AD7448C54AF6D1F54A2D /* WatchConnectivitySession.swift in Sources */ = {isa = PBXBuildFile; fileRef = C51BA101E347CC1C1814D683 /* WatchConnectivitySession.swift */; };
		B1000001 /* EpisodeStateClient.swift in Sources */ = {isa = PBXBuildFile; fileRef = B2000001 /* EpisodeStateClient.swift */; };
		B9000003 /* GoogleSignIn in Frameworks */ = {isa = PBXBuildFile; productRef = B9000002 /* GoogleSignIn */; };
		C1000001 /* CarPlaySceneDelegate.swift in Sources */ = {isa = PBXBuildFile; fileRef = C2000001 /* CarPlaySceneDelegate.swift */; };
		CA100001 /* SubscriptionRecord.swift in Sources */ = {isa = PBXBuildFile; fileRef = CA200001 /* SubscriptionRecord.swift */; };
		CA100002 /* ShowRecord.swift in Sources */ = {isa = PBXBuildFile; fileRef = CA200002 /* ShowRecord.swift */; };
		CA100003 /* CachedEpisodeRecord.swift in Sources */ = {isa = PBXBuildFile; fileRef = CA200003 /* CachedEpisodeRecord.swift */; };
		CA100004 /* CatalogCacheState.swift in Sources */ = {isa = PBXBuildFile; fileRef = CA200004 /* CatalogCacheState.swift */; };
		CA100005 /* CatalogCache.swift in Sources */ = {isa = PBXBuildFile; fileRef = CA200005 /* CatalogCache.swift */; };
		CA100006 /* CatalogRefreshService.swift in Sources */ = {isa = PBXBuildFile; fileRef = CA200006 /* CatalogRefreshService.swift */; };
		CA100007 /* CatalogRefreshEnvironment.swift in Sources */ = {isa = PBXBuildFile; fileRef = CA200007 /* CatalogRefreshEnvironment.swift */; };
		CA100008 /* CatalogCacheTests.swift in Sources */ = {isa = PBXBuildFile; fileRef = CA200008 /* CatalogCacheTests.swift */; };
		CA100009 /* CachedNewEpisodeRecord.swift in Sources */ = {isa = PBXBuildFile; fileRef = CA200009 /* CachedNewEpisodeRecord.swift */; };
		CA10000A /* CatalogCacheSignal.swift in Sources */ = {isa = PBXBuildFile; fileRef = CA20000A /* CatalogCacheSignal.swift */; };
		D1000001 /* MockURLProtocol.swift in Sources */ = {isa = PBXBuildFile; fileRef = D2000001 /* MockURLProtocol.swift */; };
		D1000002 /* ApiClientTests.swift in Sources */ = {isa = PBXBuildFile; fileRef = D2000002 /* ApiClientTests.swift */; };
		D1000003 /* PodcastCatalogClientTests.swift in Sources */ = {isa = PBXBuildFile; fileRef = D2000003 /* PodcastCatalogClientTests.swift */; };
		D1000004 /* SubscriptionClientTests.swift in Sources */ = {isa = PBXBuildFile; fileRef = D2000004 /* SubscriptionClientTests.swift */; };
		D1000005 /* EpisodeDurationParsingTests.swift in Sources */ = {isa = PBXBuildFile; fileRef = D2000005 /* EpisodeDurationParsingTests.swift */; };
		D1000006 /* EpisodeDecodingTests.swift in Sources */ = {isa = PBXBuildFile; fileRef = D2000006 /* EpisodeDecodingTests.swift */; };
		D1000007 /* EpisodeFormattingTests.swift in Sources */ = {isa = PBXBuildFile; fileRef = D2000007 /* EpisodeFormattingTests.swift */; };
		D1000008 /* AudioPlayerTests.swift in Sources */ = {isa = PBXBuildFile; fileRef = D2000008 /* AudioPlayerTests.swift */; };
		D1000009 /* AuthManagerTests.swift in Sources */ = {isa = PBXBuildFile; fileRef = D2000009 /* AuthManagerTests.swift */; };
		D1000010 /* SettingsClientTests.swift in Sources */ = {isa = PBXBuildFile; fileRef = D2000010 /* SettingsClientTests.swift */; };
		D1000011 /* SyncEngineTests.swift in Sources */ = {isa = PBXBuildFile; fileRef = D2000011 /* SyncEngineTests.swift */; };
		D1000020 /* DeviceTokenClientTests.swift in Sources */ = {isa = PBXBuildFile; fileRef = D2000020 /* DeviceTokenClientTests.swift */; };
		D1000021 /* PushNotificationManagerTests.swift in Sources */ = {isa = PBXBuildFile; fileRef = D2000021 /* PushNotificationManagerTests.swift */; };
		D1000050 /* PushNotificationRoutingTests.swift in Sources */ = {isa = PBXBuildFile; fileRef = D2000050 /* PushNotificationRoutingTests.swift */; };
		D1000051 /* CatalogRefreshServiceTests.swift in Sources */ = {isa = PBXBuildFile; fileRef = D2000051 /* CatalogRefreshServiceTests.swift */; };
		D23FFA6FE69E2AD89901D753 /* WatchNowPlayingState.swift in Sources */ = {isa = PBXBuildFile; fileRef = 5FDB46966384266B417BAE7B /* WatchNowPlayingState.swift */; };
		E1000001 /* UITestSupport.swift in Sources */ = {isa = PBXBuildFile; fileRef = E2000001 /* UITestSupport.swift */; };
		E1000002 /* SearchAndSubscribeUITests.swift in Sources */ = {isa = PBXBuildFile; fileRef = E2000002 /* SearchAndSubscribeUITests.swift */; };
		E1000003 /* PlaybackUITests.swift in Sources */ = {isa = PBXBuildFile; fileRef = E2000003 /* PlaybackUITests.swift */; };
		E6FA293F5610E89527FBF332 /* ContentView.swift in Sources */ = {isa = PBXBuildFile; fileRef = AB99ED1C65B5F2C64469C49B /* ContentView.swift */; };
		EBCEE3867AB787693CDFB3DB /* WatchConnectivitySession.swift in Sources */ = {isa = PBXBuildFile; fileRef = C51BA101E347CC1C1814D683 /* WatchConnectivitySession.swift */; };
		F1000001 /* Syncable.swift in Sources */ = {isa = PBXBuildFile; fileRef = F2000001 /* Syncable.swift */; };
		F1000002 /* SyncCursor.swift in Sources */ = {isa = PBXBuildFile; fileRef = F2000002 /* SyncCursor.swift */; };
		F1000003 /* SyncEngine.swift in Sources */ = {isa = PBXBuildFile; fileRef = F2000003 /* SyncEngine.swift */; };
		F1000004 /* EpisodeStateRecord.swift in Sources */ = {isa = PBXBuildFile; fileRef = F2000004 /* EpisodeStateRecord.swift */; };
		F1000005 /* EpisodeSyncAdapter.swift in Sources */ = {isa = PBXBuildFile; fileRef = F2000005 /* EpisodeSyncAdapter.swift */; };
		F1000006 /* CrossDeviceResume.swift in Sources */ = {isa = PBXBuildFile; fileRef = F2000006 /* CrossDeviceResume.swift */; };
		F1000007 /* CrossDeviceResumeTests.swift in Sources */ = {isa = PBXBuildFile; fileRef = F2000007 /* CrossDeviceResumeTests.swift */; };
		G1000001 /* FeedView.swift in Sources */ = {isa = PBXBuildFile; fileRef = G2000001 /* FeedView.swift */; };
		G1000002 /* EpisodeStatus.swift in Sources */ = {isa = PBXBuildFile; fileRef = G2000002 /* EpisodeStatus.swift */; };
		G1000003 /* EpisodeSyncEngineEnvironment.swift in Sources */ = {isa = PBXBuildFile; fileRef = G2000003 /* EpisodeSyncEngineEnvironment.swift */; };
		H1000001 /* EpisodeStatusTests.swift in Sources */ = {isa = PBXBuildFile; fileRef = H2000001 /* EpisodeStatusTests.swift */; };
		H1000002 /* CarPlaySceneDelegateTests.swift in Sources */ = {isa = PBXBuildFile; fileRef = H2000002 /* CarPlaySceneDelegateTests.swift */; };
		H1000003 /* ShowIconSizeTests.swift in Sources */ = {isa = PBXBuildFile; fileRef = H2000003 /* ShowIconSizeTests.swift */; };
		I1000001 /* CachedAsyncImage.swift in Sources */ = {isa = PBXBuildFile; fileRef = I2000001 /* CachedAsyncImage.swift */; };
		J1000001 /* Playlist.swift in Sources */ = {isa = PBXBuildFile; fileRef = J2000001 /* Playlist.swift */; };
		J1000002 /* PlaylistSyncAdapter.swift in Sources */ = {isa = PBXBuildFile; fileRef = J2000002 /* PlaylistSyncAdapter.swift */; };
		J1000003 /* PlaylistSyncEngineEnvironment.swift in Sources */ = {isa = PBXBuildFile; fileRef = J2000003 /* PlaylistSyncEngineEnvironment.swift */; };
		J1000004 /* PlaylistClient.swift in Sources */ = {isa = PBXBuildFile; fileRef = J2000004 /* PlaylistClient.swift */; };
		J1000005 /* PlaylistsView.swift in Sources */ = {isa = PBXBuildFile; fileRef = J2000005 /* PlaylistsView.swift */; };
		J1000006 /* PlaylistDetailView.swift in Sources */ = {isa = PBXBuildFile; fileRef = J2000006 /* PlaylistDetailView.swift */; };
		J1000007 /* AddToPlaylistSheet.swift in Sources */ = {isa = PBXBuildFile; fileRef = J2000007 /* AddToPlaylistSheet.swift */; };
		J1000008 /* PlaylistSyncAdapterTests.swift in Sources */ = {isa = PBXBuildFile; fileRef = J2000008 /* PlaylistSyncAdapterTests.swift */; };
		J1000009 /* PlaylistClientTests.swift in Sources */ = {isa = PBXBuildFile; fileRef = J2000009 /* PlaylistClientTests.swift */; };
		J1000010 /* UpNextView.swift in Sources */ = {isa = PBXBuildFile; fileRef = J2000010 /* UpNextView.swift */; };
		J1000011 /* PlaylistIcons.swift in Sources */ = {isa = PBXBuildFile; fileRef = J2000011 /* PlaylistIcons.swift */; };
		J1000020 /* PlaylistSummaryTests.swift in Sources */ = {isa = PBXBuildFile; fileRef = J2000020 /* PlaylistSummaryTests.swift */; };
		J1000021 /* PlaylistCleanupTests.swift in Sources */ = {isa = PBXBuildFile; fileRef = J2000021 /* PlaylistCleanupTests.swift */; };
		K1000001 /* LibraryView.swift in Sources */ = {isa = PBXBuildFile; fileRef = K2000001 /* LibraryView.swift */; };
		K1000002 /* UnplayedCounts.swift in Sources */ = {isa = PBXBuildFile; fileRef = K2000002 /* UnplayedCounts.swift */; };
		K1000003 /* UnplayedCountsTests.swift in Sources */ = {isa = PBXBuildFile; fileRef = K2000003 /* UnplayedCountsTests.swift */; };
		L1000001 /* EpisodeProgress.swift in Sources */ = {isa = PBXBuildFile; fileRef = L2000001 /* EpisodeProgress.swift */; };
		L1000002 /* EpisodeListFilter.swift in Sources */ = {isa = PBXBuildFile; fileRef = L2000002 /* EpisodeListFilter.swift */; };
		L1000003 /* EpisodeProgressTests.swift in Sources */ = {isa = PBXBuildFile; fileRef = L2000003 /* EpisodeProgressTests.swift */; };
		L1000004 /* EpisodeListFilterTests.swift in Sources */ = {isa = PBXBuildFile; fileRef = L2000004 /* EpisodeListFilterTests.swift */; };
		M1000001 /* AutoArchiveRule.swift in Sources */ = {isa = PBXBuildFile; fileRef = M2000001 /* AutoArchiveRule.swift */; };
		N1000001 /* AutoSkipDuration.swift in Sources */ = {isa = PBXBuildFile; fileRef = N2000001 /* AutoSkipDuration.swift */; };
		N1000002 /* PlaybackSpeedOption.swift in Sources */ = {isa = PBXBuildFile; fileRef = N2000002 /* PlaybackSpeedOption.swift */; };
		N1000003 /* ShowIconSize.swift in Sources */ = {isa = PBXBuildFile; fileRef = N2000003 /* ShowIconSize.swift */; };
		N1000004 /* VolumeOffsetOption.swift in Sources */ = {isa = PBXBuildFile; fileRef = N2000004 /* VolumeOffsetOption.swift */; };
		NB100001 /* NowPlayingBar.swift in Sources */ = {isa = PBXBuildFile; fileRef = NB200001 /* NowPlayingBar.swift */; };
		NP100001 /* NowPlayingView.swift in Sources */ = {isa = PBXBuildFile; fileRef = NP200001 /* NowPlayingView.swift */; };
		P1000001 /* DownloadedEpisodeRecord.swift in Sources */ = {isa = PBXBuildFile; fileRef = P2000001 /* DownloadedEpisodeRecord.swift */; };
		P1000002 /* DownloadedEpisodeRecordTests.swift in Sources */ = {isa = PBXBuildFile; fileRef = P2000002 /* DownloadedEpisodeRecordTests.swift */; };
		P1000003 /* DownloadManager.swift in Sources */ = {isa = PBXBuildFile; fileRef = P2000003 /* DownloadManager.swift */; };
		P1000004 /* DownloadManagerTests.swift in Sources */ = {isa = PBXBuildFile; fileRef = P2000004 /* DownloadManagerTests.swift */; };
		P1000005 /* EpisodeDetailViewTests.swift in Sources */ = {isa = PBXBuildFile; fileRef = P2000005 /* EpisodeDetailViewTests.swift */; };
		P1000006 /* DownloadsView.swift in Sources */ = {isa = PBXBuildFile; fileRef = P2000006 /* DownloadsView.swift */; };
		P1000007 /* DownloadsViewTests.swift in Sources */ = {isa = PBXBuildFile; fileRef = P2000007 /* DownloadsViewTests.swift */; };
		P1000008 /* DownloadButton.swift in Sources */ = {isa = PBXBuildFile; fileRef = P2000008 /* DownloadButton.swift */; };
		P1000009 /* DownloadButtonTests.swift in Sources */ = {isa = PBXBuildFile; fileRef = P2000009 /* DownloadButtonTests.swift */; };
		P1000010 /* LocalSettings.swift in Sources */ = {isa = PBXBuildFile; fileRef = P2000010 /* LocalSettings.swift */; };
		P1000011 /* AutoDeleteRule.swift in Sources */ = {isa = PBXBuildFile; fileRef = P2000011 /* AutoDeleteRule.swift */; };
		P1000012 /* UserSettingsTests.swift in Sources */ = {isa = PBXBuildFile; fileRef = P2000012 /* UserSettingsTests.swift */; };
		P1000013 /* ShowSettingsTests.swift in Sources */ = {isa = PBXBuildFile; fileRef = P2000013 /* ShowSettingsTests.swift */; };
		P1000014 /* FeedViewTests.swift in Sources */ = {isa = PBXBuildFile; fileRef = P2000014 /* FeedViewTests.swift */; };
		P1000015 /* DeviceChargingStateProviding.swift in Sources */ = {isa = PBXBuildFile; fileRef = P2000015 /* DeviceChargingStateProviding.swift */; };
		P1000016 /* AppIconBadge.swift in Sources */ = {isa = PBXBuildFile; fileRef = P2000016 /* AppIconBadge.swift */; };
		PQ100001 /* PlaybackQueue.swift in Sources */ = {isa = PBXBuildFile; fileRef = PQ200001 /* PlaybackQueue.swift */; };
		PQ100002 /* PlaybackQueueTests.swift in Sources */ = {isa = PBXBuildFile; fileRef = PQ200002 /* PlaybackQueueTests.swift */; };
		Q1000001 /* UserSettingsRecord.swift in Sources */ = {isa = PBXBuildFile; fileRef = Q2000001 /* UserSettingsRecord.swift */; };
		Q1000002 /* SettingsSyncAdapter.swift in Sources */ = {isa = PBXBuildFile; fileRef = Q2000002 /* SettingsSyncAdapter.swift */; };
		Q1000003 /* SettingsSyncEngineEnvironment.swift in Sources */ = {isa = PBXBuildFile; fileRef = Q2000003 /* SettingsSyncEngineEnvironment.swift */; };
		Q1000004 /* SettingsSyncAdapterTests.swift in Sources */ = {isa = PBXBuildFile; fileRef = Q2000004 /* SettingsSyncAdapterTests.swift */; };
		R1000001 /* SmartSpeedProcessor.swift in Sources */ = {isa = PBXBuildFile; fileRef = R2000001 /* SmartSpeedProcessor.swift */; };
		R1000002 /* SmartSpeedProcessorTests.swift in Sources */ = {isa = PBXBuildFile; fileRef = R2000002 /* SmartSpeedProcessorTests.swift */; };
		S1000001 /* ShowRow.swift in Sources */ = {isa = PBXBuildFile; fileRef = S2000001 /* ShowRow.swift */; };
		S1000002 /* DiscoveryCategory.swift in Sources */ = {isa = PBXBuildFile; fileRef = S2000002 /* DiscoveryCategory.swift */; };
		S1000003 /* Discovery.swift in Sources */ = {isa = PBXBuildFile; fileRef = S2000003 /* Discovery.swift */; };
		S1000004 /* CategoryDiscovery.swift in Sources */ = {isa = PBXBuildFile; fileRef = S2000004 /* CategoryDiscovery.swift */; };
		S1000005 /* DiscoveryView.swift in Sources */ = {isa = PBXBuildFile; fileRef = S2000005 /* DiscoveryView.swift */; };
		S1000006 /* DiscoveryCategoryDetailView.swift in Sources */ = {isa = PBXBuildFile; fileRef = S2000006 /* DiscoveryCategoryDetailView.swift */; };
		T1000001 /* SleepTimerDuration.swift in Sources */ = {isa = PBXBuildFile; fileRef = T2000001 /* SleepTimerDuration.swift */; };
		T1000002 /* SleepTimerSheet.swift in Sources */ = {isa = PBXBuildFile; fileRef = T2000002 /* SleepTimerSheet.swift */; };
		T1000003 /* SleepTimerSheetTests.swift in Sources */ = {isa = PBXBuildFile; fileRef = T2000003 /* SleepTimerSheetTests.swift */; };
		U1000001 /* EpisodeSwipeActionsPicker.swift in Sources */ = {isa = PBXBuildFile; fileRef = U2000001 /* EpisodeSwipeActionsPicker.swift */; };
		V1000001 /* SafariView.swift in Sources */ = {isa = PBXBuildFile; fileRef = V2000001 /* SafariView.swift */; };
		W1000001 /* SubscriptionSortOrder.swift in Sources */ = {isa = PBXBuildFile; fileRef = W2000001 /* SubscriptionSortOrder.swift */; };
		W1000002 /* SubscriptionSort.swift in Sources */ = {isa = PBXBuildFile; fileRef = W2000002 /* SubscriptionSort.swift */; };
		W1000003 /* SubscriptionSortTests.swift in Sources */ = {isa = PBXBuildFile; fileRef = W2000003 /* SubscriptionSortTests.swift */; };
		X1000001 /* SubscriptionManualReorderRow.swift in Sources */ = {isa = PBXBuildFile; fileRef = X2000001 /* SubscriptionManualReorderRow.swift */; };
		Y1000001 /* ShowDisplaySettingsMenu.swift in Sources */ = {isa = PBXBuildFile; fileRef = Y2000001 /* ShowDisplaySettingsMenu.swift */; };
		Z1000001 /* ChapterScrubber.swift in Sources */ = {isa = PBXBuildFile; fileRef = Z2000001 /* ChapterScrubber.swift */; };
		Z1000002 /* ChapterScrubberTests.swift in Sources */ = {isa = PBXBuildFile; fileRef = Z2000002 /* ChapterScrubberTests.swift */; };
		Z1000003 /* Transcript.swift in Sources */ = {isa = PBXBuildFile; fileRef = Z2000003 /* Transcript.swift */; };
		Z1000004 /* TranscriptView.swift in Sources */ = {isa = PBXBuildFile; fileRef = Z2000004 /* TranscriptView.swift */; };
		Z1000005 /* TranscriptTests.swift in Sources */ = {isa = PBXBuildFile; fileRef = Z2000005 /* TranscriptTests.swift */; };
/* End PBXBuildFile section */

/* Begin PBXContainerItemProxy section */
		D3D1011F1F609A3333E8E07D /* PBXContainerItemProxy */ = {
			isa = PBXContainerItemProxy;
			containerPortal = A7000000 /* Project object */;
			proxyType = 1;
			remoteGlobalIDString = 42B68B3ED20100B477F174F6;
			remoteInfo = KuullaWatch;
		};
		D8000002 /* PBXContainerItemProxy */ = {
			isa = PBXContainerItemProxy;
			containerPortal = A7000000 /* Project object */;
			proxyType = 1;
			remoteGlobalIDString = A4000000;
			remoteInfo = Kuulla;
		};
		E8000002 /* PBXContainerItemProxy */ = {
			isa = PBXContainerItemProxy;
			containerPortal = A7000000 /* Project object */;
			proxyType = 1;
			remoteGlobalIDString = A4000000;
			remoteInfo = Kuulla;
		};
/* End PBXContainerItemProxy section */

/* Begin PBXCopyFilesBuildPhase section */
		04509B818B3E67F46023FAF3 /* Embed Watch Content */ = {
			isa = PBXCopyFilesBuildPhase;
			buildActionMask = 2147483647;
			dstPath = "$(CONTENTS_FOLDER_PATH)/Watch";
			dstSubfolderSpec = 16;
			files = (
				A2C0A036D61FD06B6BC6D962 /* KuullaWatch.app in Embed Watch Content */,
			);
			name = "Embed Watch Content";
			runOnlyForDeploymentPostprocessing = 0;
		};
/* End PBXCopyFilesBuildPhase section */

/* Begin PBXFileReference section */
		29A120B52EB44457BAF2010B /* KuullaWatch.app */ = {isa = PBXFileReference; explicitFileType = wrapper.application; includeInIndex = 0; path = KuullaWatch.app; sourceTree = BUILT_PRODUCTS_DIR; };
		5FDB46966384266B417BAE7B /* WatchNowPlayingState.swift */ = {isa = PBXFileReference; includeInIndex = 1; lastKnownFileType = sourcecode.swift; path = WatchNowPlayingState.swift; sourceTree = "<group>"; };
		61CFFD4A39241CB14F23D36C /* KuullaWatchApp.swift */ = {isa = PBXFileReference; includeInIndex = 1; lastKnownFileType = sourcecode.swift; path = KuullaWatchApp.swift; sourceTree = "<group>"; };
		843D0AB500324B3BEB2AE889 /* Foundation.framework */ = {isa = PBXFileReference; lastKnownFileType = wrapper.framework; name = Foundation.framework; path = Platforms/WatchOS.platform/Developer/SDKs/WatchOS26.0.sdk/System/Library/Frameworks/Foundation.framework; sourceTree = DEVELOPER_DIR; };
		8E62DCE9F476EB5F67915638 /* Assets.xcassets */ = {isa = PBXFileReference; includeInIndex = 1; lastKnownFileType = folder.assetcatalog; path = Assets.xcassets; sourceTree = "<group>"; };
		A2000000 /* Kuulla.app */ = {isa = PBXFileReference; explicitFileType = wrapper.application; includeInIndex = 0; path = Kuulla.app; sourceTree = BUILT_PRODUCTS_DIR; };
		A2000001 /* KuullaApp.swift */ = {isa = PBXFileReference; lastKnownFileType = sourcecode.swift; path = KuullaApp.swift; sourceTree = "<group>"; };
		A2000002 /* ContentView.swift */ = {isa = PBXFileReference; lastKnownFileType = sourcecode.swift; path = ContentView.swift; sourceTree = "<group>"; };
		A2000003 /* Assets.xcassets */ = {isa = PBXFileReference; lastKnownFileType = folder.assetcatalog; path = Assets.xcassets; sourceTree = "<group>"; };
		A2000004 /* ApiClient.swift */ = {isa = PBXFileReference; lastKnownFileType = sourcecode.swift; path = ApiClient.swift; sourceTree = "<group>"; };
		A2000005 /* AudioPlayer.swift */ = {isa = PBXFileReference; lastKnownFileType = sourcecode.swift; path = AudioPlayer.swift; sourceTree = "<group>"; };
		A2000006 /* AuthManager.swift */ = {isa = PBXFileReference; lastKnownFileType = sourcecode.swift; path = AuthManager.swift; sourceTree = "<group>"; };
		A2000007 /* Info.plist */ = {isa = PBXFileReference; lastKnownFileType = text.plist.xml; path = Info.plist; sourceTree = "<group>"; };
		A2000008 /* Show.swift */ = {isa = PBXFileReference; lastKnownFileType = sourcecode.swift; path = Show.swift; sourceTree = "<group>"; };
		A2000009 /* Episode.swift */ = {isa = PBXFileReference; lastKnownFileType = sourcecode.swift; path = Episode.swift; sourceTree = "<group>"; };
		A2000010 /* EpisodePage.swift */ = {isa = PBXFileReference; lastKnownFileType = sourcecode.swift; path = EpisodePage.swift; sourceTree = "<group>"; };
		A2000011 /* CatalogRoute.swift */ = {isa = PBXFileReference; lastKnownFileType = sourcecode.swift; path = CatalogRoute.swift; sourceTree = "<group>"; };
		A2000012 /* EpisodeFormatting.swift */ = {isa = PBXFileReference; lastKnownFileType = sourcecode.swift; path = EpisodeFormatting.swift; sourceTree = "<group>"; };
		A2000013 /* PodcastCatalogClient.swift */ = {isa = PBXFileReference; lastKnownFileType = sourcecode.swift; path = PodcastCatalogClient.swift; sourceTree = "<group>"; };
		A2000014 /* SearchView.swift */ = {isa = PBXFileReference; lastKnownFileType = sourcecode.swift; path = SearchView.swift; sourceTree = "<group>"; };
		A2000015 /* ShowDetailView.swift */ = {isa = PBXFileReference; lastKnownFileType = sourcecode.swift; path = ShowDetailView.swift; sourceTree = "<group>"; };
		A2000016 /* EpisodeDetailView.swift */ = {isa = PBXFileReference; lastKnownFileType = sourcecode.swift; path = EpisodeDetailView.swift; sourceTree = "<group>"; };
		A2000017 /* Subscription.swift */ = {isa = PBXFileReference; lastKnownFileType = sourcecode.swift; path = Subscription.swift; sourceTree = "<group>"; };
		A2000018 /* SubscriptionClient.swift */ = {isa = PBXFileReference; lastKnownFileType = sourcecode.swift; path = SubscriptionClient.swift; sourceTree = "<group>"; };
		A2000019 /* SubscriptionsView.swift */ = {isa = PBXFileReference; lastKnownFileType = sourcecode.swift; path = SubscriptionsView.swift; sourceTree = "<group>"; };
		A2000020 /* UserSettings.swift */ = {isa = PBXFileReference; lastKnownFileType = sourcecode.swift; path = UserSettings.swift; sourceTree = "<group>"; };
		A2000021 /* ShowSettings.swift */ = {isa = PBXFileReference; lastKnownFileType = sourcecode.swift; path = ShowSettings.swift; sourceTree = "<group>"; };
		A2000022 /* SettingsClient.swift */ = {isa = PBXFileReference; lastKnownFileType = sourcecode.swift; path = SettingsClient.swift; sourceTree = "<group>"; };
		A2000024 /* SettingsView.swift */ = {isa = PBXFileReference; lastKnownFileType = sourcecode.swift; path = SettingsView.swift; sourceTree = "<group>"; };
		A2000025 /* ShowSettingsSheet.swift */ = {isa = PBXFileReference; lastKnownFileType = sourcecode.swift; path = ShowSettingsSheet.swift; sourceTree = "<group>"; };
		A2000030 /* DeviceTokenClient.swift */ = {isa = PBXFileReference; lastKnownFileType = sourcecode.swift; path = DeviceTokenClient.swift; sourceTree = "<group>"; };
		A2000031 /* PushNotificationManager.swift */ = {isa = PBXFileReference; lastKnownFileType = sourcecode.swift; path = PushNotificationManager.swift; sourceTree = "<group>"; };
		A2000032 /* Kuulla.entitlements */ = {isa = PBXFileReference; lastKnownFileType = text.plist.entitlements; path = Kuulla.entitlements; sourceTree = "<group>"; };
		A2000040 /* DeepLinkRouter.swift */ = {isa = PBXFileReference; lastKnownFileType = sourcecode.swift; path = DeepLinkRouter.swift; sourceTree = "<group>"; };
		A2000050 /* Theme.swift */ = {isa = PBXFileReference; lastKnownFileType = sourcecode.swift; path = Theme.swift; sourceTree = "<group>"; };
		A2000051 /* Typography.swift */ = {isa = PBXFileReference; lastKnownFileType = sourcecode.swift; path = Typography.swift; sourceTree = "<group>"; };
		A2000060 /* Manrope.ttf */ = {isa = PBXFileReference; lastKnownFileType = file; path = Fonts/Manrope.ttf; sourceTree = "<group>"; };
		A2000061 /* SpaceGrotesk.ttf */ = {isa = PBXFileReference; lastKnownFileType = file; path = Fonts/SpaceGrotesk.ttf; sourceTree = "<group>"; };
		A2000062 /* JetBrainsMono.ttf */ = {isa = PBXFileReference; lastKnownFileType = file; path = Fonts/JetBrainsMono.ttf; sourceTree = "<group>"; };
		A2000063 /* Manrope-OFL.txt */ = {isa = PBXFileReference; lastKnownFileType = text; path = "Fonts/LICENSES/Manrope-OFL.txt"; sourceTree = "<group>"; };
		A2000064 /* SpaceGrotesk-OFL.txt */ = {isa = PBXFileReference; lastKnownFileType = text; path = "Fonts/LICENSES/SpaceGrotesk-OFL.txt"; sourceTree = "<group>"; };
		A2000065 /* JetBrainsMono-OFL.txt */ = {isa = PBXFileReference; lastKnownFileType = text; path = "Fonts/LICENSES/JetBrainsMono-OFL.txt"; sourceTree = "<group>"; };
		AB99ED1C65B5F2C64469C49B /* ContentView.swift */ = {isa = PBXFileReference; includeInIndex = 1; lastKnownFileType = sourcecode.swift; path = ContentView.swift; sourceTree = "<group>"; };
		B2000001 /* EpisodeStateClient.swift */ = {isa = PBXFileReference; lastKnownFileType = sourcecode.swift; path = EpisodeStateClient.swift; sourceTree = "<group>"; };
		C2000001 /* CarPlaySceneDelegate.swift */ = {isa = PBXFileReference; lastKnownFileType = sourcecode.swift; path = CarPlaySceneDelegate.swift; sourceTree = "<group>"; };
		C51BA101E347CC1C1814D683 /* WatchConnectivitySession.swift */ = {isa = PBXFileReference; includeInIndex = 1; lastKnownFileType = sourcecode.swift; path = WatchConnectivitySession.swift; sourceTree = "<group>"; };
		CA200001 /* SubscriptionRecord.swift */ = {isa = PBXFileReference; lastKnownFileType = sourcecode.swift; path = SubscriptionRecord.swift; sourceTree = "<group>"; };
		CA200002 /* ShowRecord.swift */ = {isa = PBXFileReference; lastKnownFileType = sourcecode.swift; path = ShowRecord.swift; sourceTree = "<group>"; };
		CA200003 /* CachedEpisodeRecord.swift */ = {isa = PBXFileReference; lastKnownFileType = sourcecode.swift; path = CachedEpisodeRecord.swift; sourceTree = "<group>"; };
		CA200004 /* CatalogCacheState.swift */ = {isa = PBXFileReference; lastKnownFileType = sourcecode.swift; path = CatalogCacheState.swift; sourceTree = "<group>"; };
		CA200005 /* CatalogCache.swift */ = {isa = PBXFileReference; lastKnownFileType = sourcecode.swift; path = CatalogCache.swift; sourceTree = "<group>"; };
		CA200006 /* CatalogRefreshService.swift */ = {isa = PBXFileReference; lastKnownFileType = sourcecode.swift; path = CatalogRefreshService.swift; sourceTree = "<group>"; };
		CA200007 /* CatalogRefreshEnvironment.swift */ = {isa = PBXFileReference; lastKnownFileType = sourcecode.swift; path = CatalogRefreshEnvironment.swift; sourceTree = "<group>"; };
		CA20000A /* CatalogCacheSignal.swift */ = {isa = PBXFileReference; lastKnownFileType = sourcecode.swift; path = CatalogCacheSignal.swift; sourceTree = "<group>"; };
		CA200008 /* CatalogCacheTests.swift */ = {isa = PBXFileReference; lastKnownFileType = sourcecode.swift; path = CatalogCacheTests.swift; sourceTree = "<group>"; };
		CA200009 /* CachedNewEpisodeRecord.swift */ = {isa = PBXFileReference; lastKnownFileType = sourcecode.swift; path = CachedNewEpisodeRecord.swift; sourceTree = "<group>"; };
		D2000001 /* MockURLProtocol.swift */ = {isa = PBXFileReference; lastKnownFileType = sourcecode.swift; path = MockURLProtocol.swift; sourceTree = "<group>"; };
		D2000002 /* ApiClientTests.swift */ = {isa = PBXFileReference; lastKnownFileType = sourcecode.swift; path = ApiClientTests.swift; sourceTree = "<group>"; };
		D2000003 /* PodcastCatalogClientTests.swift */ = {isa = PBXFileReference; lastKnownFileType = sourcecode.swift; path = PodcastCatalogClientTests.swift; sourceTree = "<group>"; };
		D2000004 /* SubscriptionClientTests.swift */ = {isa = PBXFileReference; lastKnownFileType = sourcecode.swift; path = SubscriptionClientTests.swift; sourceTree = "<group>"; };
		D2000005 /* EpisodeDurationParsingTests.swift */ = {isa = PBXFileReference; lastKnownFileType = sourcecode.swift; path = EpisodeDurationParsingTests.swift; sourceTree = "<group>"; };
		D2000006 /* EpisodeDecodingTests.swift */ = {isa = PBXFileReference; lastKnownFileType = sourcecode.swift; path = EpisodeDecodingTests.swift; sourceTree = "<group>"; };
		D2000007 /* EpisodeFormattingTests.swift */ = {isa = PBXFileReference; lastKnownFileType = sourcecode.swift; path = EpisodeFormattingTests.swift; sourceTree = "<group>"; };
		D2000008 /* AudioPlayerTests.swift */ = {isa = PBXFileReference; lastKnownFileType = sourcecode.swift; path = AudioPlayerTests.swift; sourceTree = "<group>"; };
		D2000009 /* AuthManagerTests.swift */ = {isa = PBXFileReference; lastKnownFileType = sourcecode.swift; path = AuthManagerTests.swift; sourceTree = "<group>"; };
		D2000010 /* SettingsClientTests.swift */ = {isa = PBXFileReference; lastKnownFileType = sourcecode.swift; path = SettingsClientTests.swift; sourceTree = "<group>"; };
		D2000011 /* SyncEngineTests.swift */ = {isa = PBXFileReference; lastKnownFileType = sourcecode.swift; path = SyncEngineTests.swift; sourceTree = "<group>"; };
		D2000020 /* DeviceTokenClientTests.swift */ = {isa = PBXFileReference; lastKnownFileType = sourcecode.swift; path = DeviceTokenClientTests.swift; sourceTree = "<group>"; };
		D2000021 /* PushNotificationManagerTests.swift */ = {isa = PBXFileReference; lastKnownFileType = sourcecode.swift; path = PushNotificationManagerTests.swift; sourceTree = "<group>"; };
		D2000050 /* PushNotificationRoutingTests.swift */ = {isa = PBXFileReference; lastKnownFileType = sourcecode.swift; path = PushNotificationRoutingTests.swift; sourceTree = "<group>"; };
		D2000051 /* CatalogRefreshServiceTests.swift */ = {isa = PBXFileReference; lastKnownFileType = sourcecode.swift; path = CatalogRefreshServiceTests.swift; sourceTree = "<group>"; };
		D3000000 /* KuullaTests.xctest */ = {isa = PBXFileReference; explicitFileType = wrapper.cfbundle; includeInIndex = 0; path = KuullaTests.xctest; sourceTree = BUILT_PRODUCTS_DIR; };
		E2000001 /* UITestSupport.swift */ = {isa = PBXFileReference; lastKnownFileType = sourcecode.swift; path = UITestSupport.swift; sourceTree = "<group>"; };
		E2000002 /* SearchAndSubscribeUITests.swift */ = {isa = PBXFileReference; lastKnownFileType = sourcecode.swift; path = SearchAndSubscribeUITests.swift; sourceTree = "<group>"; };
		E2000003 /* PlaybackUITests.swift */ = {isa = PBXFileReference; lastKnownFileType = sourcecode.swift; path = PlaybackUITests.swift; sourceTree = "<group>"; };
		E3000000 /* KuullaUITests.xctest */ = {isa = PBXFileReference; explicitFileType = wrapper.cfbundle; includeInIndex = 0; path = KuullaUITests.xctest; sourceTree = BUILT_PRODUCTS_DIR; };
		F2000001 /* Syncable.swift */ = {isa = PBXFileReference; lastKnownFileType = sourcecode.swift; path = Syncable.swift; sourceTree = "<group>"; };
		F2000002 /* SyncCursor.swift */ = {isa = PBXFileReference; lastKnownFileType = sourcecode.swift; path = SyncCursor.swift; sourceTree = "<group>"; };
		F2000003 /* SyncEngine.swift */ = {isa = PBXFileReference; lastKnownFileType = sourcecode.swift; path = SyncEngine.swift; sourceTree = "<group>"; };
		F2000004 /* EpisodeStateRecord.swift */ = {isa = PBXFileReference; lastKnownFileType = sourcecode.swift; path = EpisodeStateRecord.swift; sourceTree = "<group>"; };
		F2000005 /* EpisodeSyncAdapter.swift */ = {isa = PBXFileReference; lastKnownFileType = sourcecode.swift; path = EpisodeSyncAdapter.swift; sourceTree = "<group>"; };
		F2000006 /* CrossDeviceResume.swift */ = {isa = PBXFileReference; lastKnownFileType = sourcecode.swift; path = CrossDeviceResume.swift; sourceTree = "<group>"; };
		F2000007 /* CrossDeviceResumeTests.swift */ = {isa = PBXFileReference; lastKnownFileType = sourcecode.swift; path = CrossDeviceResumeTests.swift; sourceTree = "<group>"; };
		G2000001 /* FeedView.swift */ = {isa = PBXFileReference; lastKnownFileType = sourcecode.swift; path = FeedView.swift; sourceTree = "<group>"; };
		G2000002 /* EpisodeStatus.swift */ = {isa = PBXFileReference; lastKnownFileType = sourcecode.swift; path = EpisodeStatus.swift; sourceTree = "<group>"; };
		G2000003 /* EpisodeSyncEngineEnvironment.swift */ = {isa = PBXFileReference; lastKnownFileType = sourcecode.swift; path = EpisodeSyncEngineEnvironment.swift; sourceTree = "<group>"; };
		H2000001 /* EpisodeStatusTests.swift */ = {isa = PBXFileReference; lastKnownFileType = sourcecode.swift; path = EpisodeStatusTests.swift; sourceTree = "<group>"; };
		H2000002 /* CarPlaySceneDelegateTests.swift */ = {isa = PBXFileReference; lastKnownFileType = sourcecode.swift; path = CarPlaySceneDelegateTests.swift; sourceTree = "<group>"; };
		H2000003 /* ShowIconSizeTests.swift */ = {isa = PBXFileReference; lastKnownFileType = sourcecode.swift; path = ShowIconSizeTests.swift; sourceTree = "<group>"; };
		I2000001 /* CachedAsyncImage.swift */ = {isa = PBXFileReference; lastKnownFileType = sourcecode.swift; path = CachedAsyncImage.swift; sourceTree = "<group>"; };
		J2000001 /* Playlist.swift */ = {isa = PBXFileReference; lastKnownFileType = sourcecode.swift; path = Playlist.swift; sourceTree = "<group>"; };
		J2000002 /* PlaylistSyncAdapter.swift */ = {isa = PBXFileReference; lastKnownFileType = sourcecode.swift; path = PlaylistSyncAdapter.swift; sourceTree = "<group>"; };
		J2000003 /* PlaylistSyncEngineEnvironment.swift */ = {isa = PBXFileReference; lastKnownFileType = sourcecode.swift; path = PlaylistSyncEngineEnvironment.swift; sourceTree = "<group>"; };
		J2000004 /* PlaylistClient.swift */ = {isa = PBXFileReference; lastKnownFileType = sourcecode.swift; path = PlaylistClient.swift; sourceTree = "<group>"; };
		J2000005 /* PlaylistsView.swift */ = {isa = PBXFileReference; lastKnownFileType = sourcecode.swift; path = PlaylistsView.swift; sourceTree = "<group>"; };
		J2000006 /* PlaylistDetailView.swift */ = {isa = PBXFileReference; lastKnownFileType = sourcecode.swift; path = PlaylistDetailView.swift; sourceTree = "<group>"; };
		J2000007 /* AddToPlaylistSheet.swift */ = {isa = PBXFileReference; lastKnownFileType = sourcecode.swift; path = AddToPlaylistSheet.swift; sourceTree = "<group>"; };
		J2000008 /* PlaylistSyncAdapterTests.swift */ = {isa = PBXFileReference; lastKnownFileType = sourcecode.swift; path = PlaylistSyncAdapterTests.swift; sourceTree = "<group>"; };
		J2000009 /* PlaylistClientTests.swift */ = {isa = PBXFileReference; lastKnownFileType = sourcecode.swift; path = PlaylistClientTests.swift; sourceTree = "<group>"; };
		J2000010 /* UpNextView.swift */ = {isa = PBXFileReference; lastKnownFileType = sourcecode.swift; path = UpNextView.swift; sourceTree = "<group>"; };
		J2000011 /* PlaylistIcons.swift */ = {isa = PBXFileReference; lastKnownFileType = sourcecode.swift; path = PlaylistIcons.swift; sourceTree = "<group>"; };
		J2000020 /* PlaylistSummaryTests.swift */ = {isa = PBXFileReference; lastKnownFileType = sourcecode.swift; path = PlaylistSummaryTests.swift; sourceTree = "<group>"; };
		J2000021 /* PlaylistCleanupTests.swift */ = {isa = PBXFileReference; lastKnownFileType = sourcecode.swift; path = PlaylistCleanupTests.swift; sourceTree = "<group>"; };
		K2000001 /* LibraryView.swift */ = {isa = PBXFileReference; lastKnownFileType = sourcecode.swift; path = LibraryView.swift; sourceTree = "<group>"; };
		K2000002 /* UnplayedCounts.swift */ = {isa = PBXFileReference; lastKnownFileType = sourcecode.swift; path = UnplayedCounts.swift; sourceTree = "<group>"; };
		K2000003 /* UnplayedCountsTests.swift */ = {isa = PBXFileReference; lastKnownFileType = sourcecode.swift; path = UnplayedCountsTests.swift; sourceTree = "<group>"; };
		L2000001 /* EpisodeProgress.swift */ = {isa = PBXFileReference; lastKnownFileType = sourcecode.swift; path = EpisodeProgress.swift; sourceTree = "<group>"; };
		L2000002 /* EpisodeListFilter.swift */ = {isa = PBXFileReference; lastKnownFileType = sourcecode.swift; path = EpisodeListFilter.swift; sourceTree = "<group>"; };
		L2000003 /* EpisodeProgressTests.swift */ = {isa = PBXFileReference; lastKnownFileType = sourcecode.swift; path = EpisodeProgressTests.swift; sourceTree = "<group>"; };
		L2000004 /* EpisodeListFilterTests.swift */ = {isa = PBXFileReference; lastKnownFileType = sourcecode.swift; path = EpisodeListFilterTests.swift; sourceTree = "<group>"; };
		M2000001 /* AutoArchiveRule.swift */ = {isa = PBXFileReference; lastKnownFileType = sourcecode.swift; path = AutoArchiveRule.swift; sourceTree = "<group>"; };
		N2000001 /* AutoSkipDuration.swift */ = {isa = PBXFileReference; lastKnownFileType = sourcecode.swift; path = AutoSkipDuration.swift; sourceTree = "<group>"; };
		N2000002 /* PlaybackSpeedOption.swift */ = {isa = PBXFileReference; lastKnownFileType = sourcecode.swift; path = PlaybackSpeedOption.swift; sourceTree = "<group>"; };
		N2000003 /* ShowIconSize.swift */ = {isa = PBXFileReference; lastKnownFileType = sourcecode.swift; path = ShowIconSize.swift; sourceTree = "<group>"; };
		N2000004 /* VolumeOffsetOption.swift */ = {isa = PBXFileReference; lastKnownFileType = sourcecode.swift; path = VolumeOffsetOption.swift; sourceTree = "<group>"; };
		NB200001 /* NowPlayingBar.swift */ = {isa = PBXFileReference; lastKnownFileType = sourcecode.swift; path = NowPlayingBar.swift; sourceTree = "<group>"; };
		NP200001 /* NowPlayingView.swift */ = {isa = PBXFileReference; lastKnownFileType = sourcecode.swift; path = NowPlayingView.swift; sourceTree = "<group>"; };
		P2000001 /* DownloadedEpisodeRecord.swift */ = {isa = PBXFileReference; lastKnownFileType = sourcecode.swift; path = DownloadedEpisodeRecord.swift; sourceTree = "<group>"; };
		P2000002 /* DownloadedEpisodeRecordTests.swift */ = {isa = PBXFileReference; lastKnownFileType = sourcecode.swift; path = DownloadedEpisodeRecordTests.swift; sourceTree = "<group>"; };
		P2000003 /* DownloadManager.swift */ = {isa = PBXFileReference; lastKnownFileType = sourcecode.swift; path = DownloadManager.swift; sourceTree = "<group>"; };
		P2000004 /* DownloadManagerTests.swift */ = {isa = PBXFileReference; lastKnownFileType = sourcecode.swift; path = DownloadManagerTests.swift; sourceTree = "<group>"; };
		P2000005 /* EpisodeDetailViewTests.swift */ = {isa = PBXFileReference; lastKnownFileType = sourcecode.swift; path = EpisodeDetailViewTests.swift; sourceTree = "<group>"; };
		P2000006 /* DownloadsView.swift */ = {isa = PBXFileReference; lastKnownFileType = sourcecode.swift; path = DownloadsView.swift; sourceTree = "<group>"; };
		P2000007 /* DownloadsViewTests.swift */ = {isa = PBXFileReference; lastKnownFileType = sourcecode.swift; path = DownloadsViewTests.swift; sourceTree = "<group>"; };
		P2000008 /* DownloadButton.swift */ = {isa = PBXFileReference; lastKnownFileType = sourcecode.swift; path = DownloadButton.swift; sourceTree = "<group>"; };
		P2000009 /* DownloadButtonTests.swift */ = {isa = PBXFileReference; lastKnownFileType = sourcecode.swift; path = DownloadButtonTests.swift; sourceTree = "<group>"; };
		P2000010 /* LocalSettings.swift */ = {isa = PBXFileReference; lastKnownFileType = sourcecode.swift; path = LocalSettings.swift; sourceTree = "<group>"; };
		P2000011 /* AutoDeleteRule.swift */ = {isa = PBXFileReference; lastKnownFileType = sourcecode.swift; path = AutoDeleteRule.swift; sourceTree = "<group>"; };
		P2000012 /* UserSettingsTests.swift */ = {isa = PBXFileReference; lastKnownFileType = sourcecode.swift; path = UserSettingsTests.swift; sourceTree = "<group>"; };
		P2000013 /* ShowSettingsTests.swift */ = {isa = PBXFileReference; lastKnownFileType = sourcecode.swift; path = ShowSettingsTests.swift; sourceTree = "<group>"; };
		P2000014 /* FeedViewTests.swift */ = {isa = PBXFileReference; lastKnownFileType = sourcecode.swift; path = FeedViewTests.swift; sourceTree = "<group>"; };
		P2000015 /* DeviceChargingStateProviding.swift */ = {isa = PBXFileReference; lastKnownFileType = sourcecode.swift; path = DeviceChargingStateProviding.swift; sourceTree = "<group>"; };
		P2000016 /* AppIconBadge.swift */ = {isa = PBXFileReference; lastKnownFileType = sourcecode.swift; path = AppIconBadge.swift; sourceTree = "<group>"; };
		PQ200001 /* PlaybackQueue.swift */ = {isa = PBXFileReference; lastKnownFileType = sourcecode.swift; path = PlaybackQueue.swift; sourceTree = "<group>"; };
		PQ200002 /* PlaybackQueueTests.swift */ = {isa = PBXFileReference; lastKnownFileType = sourcecode.swift; path = PlaybackQueueTests.swift; sourceTree = "<group>"; };
		Q2000001 /* UserSettingsRecord.swift */ = {isa = PBXFileReference; lastKnownFileType = sourcecode.swift; path = UserSettingsRecord.swift; sourceTree = "<group>"; };
		Q2000002 /* SettingsSyncAdapter.swift */ = {isa = PBXFileReference; lastKnownFileType = sourcecode.swift; path = SettingsSyncAdapter.swift; sourceTree = "<group>"; };
		Q2000003 /* SettingsSyncEngineEnvironment.swift */ = {isa = PBXFileReference; lastKnownFileType = sourcecode.swift; path = SettingsSyncEngineEnvironment.swift; sourceTree = "<group>"; };
		Q2000004 /* SettingsSyncAdapterTests.swift */ = {isa = PBXFileReference; lastKnownFileType = sourcecode.swift; path = SettingsSyncAdapterTests.swift; sourceTree = "<group>"; };
		R2000001 /* SmartSpeedProcessor.swift */ = {isa = PBXFileReference; lastKnownFileType = sourcecode.swift; path = SmartSpeedProcessor.swift; sourceTree = "<group>"; };
		R2000002 /* SmartSpeedProcessorTests.swift */ = {isa = PBXFileReference; lastKnownFileType = sourcecode.swift; path = SmartSpeedProcessorTests.swift; sourceTree = "<group>"; };
		S2000001 /* ShowRow.swift */ = {isa = PBXFileReference; lastKnownFileType = sourcecode.swift; path = ShowRow.swift; sourceTree = "<group>"; };
		S2000002 /* DiscoveryCategory.swift */ = {isa = PBXFileReference; lastKnownFileType = sourcecode.swift; path = DiscoveryCategory.swift; sourceTree = "<group>"; };
		S2000003 /* Discovery.swift */ = {isa = PBXFileReference; lastKnownFileType = sourcecode.swift; path = Discovery.swift; sourceTree = "<group>"; };
		S2000004 /* CategoryDiscovery.swift */ = {isa = PBXFileReference; lastKnownFileType = sourcecode.swift; path = CategoryDiscovery.swift; sourceTree = "<group>"; };
		S2000005 /* DiscoveryView.swift */ = {isa = PBXFileReference; lastKnownFileType = sourcecode.swift; path = DiscoveryView.swift; sourceTree = "<group>"; };
		S2000006 /* DiscoveryCategoryDetailView.swift */ = {isa = PBXFileReference; lastKnownFileType = sourcecode.swift; path = DiscoveryCategoryDetailView.swift; sourceTree = "<group>"; };
		T2000001 /* SleepTimerDuration.swift */ = {isa = PBXFileReference; lastKnownFileType = sourcecode.swift; path = SleepTimerDuration.swift; sourceTree = "<group>"; };
		T2000002 /* SleepTimerSheet.swift */ = {isa = PBXFileReference; lastKnownFileType = sourcecode.swift; path = SleepTimerSheet.swift; sourceTree = "<group>"; };
		T2000003 /* SleepTimerSheetTests.swift */ = {isa = PBXFileReference; lastKnownFileType = sourcecode.swift; path = SleepTimerSheetTests.swift; sourceTree = "<group>"; };
		U2000001 /* EpisodeSwipeActionsPicker.swift */ = {isa = PBXFileReference; lastKnownFileType = sourcecode.swift; path = EpisodeSwipeActionsPicker.swift; sourceTree = "<group>"; };
		V2000001 /* SafariView.swift */ = {isa = PBXFileReference; lastKnownFileType = sourcecode.swift; path = SafariView.swift; sourceTree = "<group>"; };
		W2000001 /* SubscriptionSortOrder.swift */ = {isa = PBXFileReference; lastKnownFileType = sourcecode.swift; path = SubscriptionSortOrder.swift; sourceTree = "<group>"; };
		W2000002 /* SubscriptionSort.swift */ = {isa = PBXFileReference; lastKnownFileType = sourcecode.swift; path = SubscriptionSort.swift; sourceTree = "<group>"; };
		W2000003 /* SubscriptionSortTests.swift */ = {isa = PBXFileReference; lastKnownFileType = sourcecode.swift; path = SubscriptionSortTests.swift; sourceTree = "<group>"; };
		X2000001 /* SubscriptionManualReorderRow.swift */ = {isa = PBXFileReference; lastKnownFileType = sourcecode.swift; path = SubscriptionManualReorderRow.swift; sourceTree = "<group>"; };
		Y2000001 /* ShowDisplaySettingsMenu.swift */ = {isa = PBXFileReference; lastKnownFileType = sourcecode.swift; path = ShowDisplaySettingsMenu.swift; sourceTree = "<group>"; };
		Z2000001 /* ChapterScrubber.swift */ = {isa = PBXFileReference; lastKnownFileType = sourcecode.swift; path = ChapterScrubber.swift; sourceTree = "<group>"; };
		Z2000002 /* ChapterScrubberTests.swift */ = {isa = PBXFileReference; lastKnownFileType = sourcecode.swift; path = ChapterScrubberTests.swift; sourceTree = "<group>"; };
		Z2000003 /* Transcript.swift */ = {isa = PBXFileReference; lastKnownFileType = sourcecode.swift; path = Transcript.swift; sourceTree = "<group>"; };
		Z2000004 /* TranscriptView.swift */ = {isa = PBXFileReference; lastKnownFileType = sourcecode.swift; path = TranscriptView.swift; sourceTree = "<group>"; };
		Z2000005 /* TranscriptTests.swift */ = {isa = PBXFileReference; lastKnownFileType = sourcecode.swift; path = TranscriptTests.swift; sourceTree = "<group>"; };
/* End PBXFileReference section */

/* Begin PBXFrameworksBuildPhase section */
		294746A24C982BB23ADCA9F5 /* Frameworks */ = {
			isa = PBXFrameworksBuildPhase;
			buildActionMask = 2147483647;
			files = (
				26538DB8EBE520C37A0EF6A3 /* Foundation.framework in Frameworks */,
			);
			runOnlyForDeploymentPostprocessing = 0;
		};
		B9000004 /* Frameworks */ = {
			isa = PBXFrameworksBuildPhase;
			buildActionMask = 2147483647;
			files = (
				B9000003 /* GoogleSignIn in Frameworks */,
			);
			runOnlyForDeploymentPostprocessing = 0;
		};
		D6000002 /* Frameworks */ = {
			isa = PBXFrameworksBuildPhase;
			buildActionMask = 2147483647;
			files = (
			);
			runOnlyForDeploymentPostprocessing = 0;
		};
		E6000002 /* Frameworks */ = {
			isa = PBXFrameworksBuildPhase;
			buildActionMask = 2147483647;
			files = (
			);
			runOnlyForDeploymentPostprocessing = 0;
		};
/* End PBXFrameworksBuildPhase section */

/* Begin PBXGroup section */
		01F227C68610B7B22D7795F7 /* KuullaWatch */ = {
			isa = PBXGroup;
			children = (
				61CFFD4A39241CB14F23D36C /* KuullaWatchApp.swift */,
				AB99ED1C65B5F2C64469C49B /* ContentView.swift */,
				8E62DCE9F476EB5F67915638 /* Assets.xcassets */,
			);
			name = KuullaWatch;
			path = KuullaWatch;
			sourceTree = "<group>";
		};
		492AA3265179AF72A6D30D56 /* watchOS */ = {
			isa = PBXGroup;
			children = (
				843D0AB500324B3BEB2AE889 /* Foundation.framework */,
			);
			name = watchOS;
			sourceTree = "<group>";
		};
		5FCB2579A226017C050F1735 /* Frameworks */ = {
			isa = PBXGroup;
			children = (
				492AA3265179AF72A6D30D56 /* watchOS */,
			);
			name = Frameworks;
			sourceTree = "<group>";
		};
		87D49C6C8A1592A72AFAA591 /* KuullaShared */ = {
			isa = PBXGroup;
			children = (
				C51BA101E347CC1C1814D683 /* WatchConnectivitySession.swift */,
				5FDB46966384266B417BAE7B /* WatchNowPlayingState.swift */,
			);
			name = KuullaShared;
			path = KuullaShared;
			sourceTree = "<group>";
		};
		A3000000 = {
			isa = PBXGroup;
			children = (
				A3000001 /* Kuulla */,
				D4000000 /* KuullaTests */,
				E4000000 /* KuullaUITests */,
				A3000002 /* Products */,
				01F227C68610B7B22D7795F7 /* KuullaWatch */,
				87D49C6C8A1592A72AFAA591 /* KuullaShared */,
				5FCB2579A226017C050F1735 /* Frameworks */,
			);
			sourceTree = "<group>";
		};
		A3000001 /* Kuulla */ = {
			isa = PBXGroup;
			children = (
				A2000001 /* KuullaApp.swift */,
				A2000002 /* ContentView.swift */,
				A2000004 /* ApiClient.swift */,
				A2000005 /* AudioPlayer.swift */,
				R2000001 /* SmartSpeedProcessor.swift */,
				A2000006 /* AuthManager.swift */,
				A2000008 /* Show.swift */,
				A2000009 /* Episode.swift */,
				A2000010 /* EpisodePage.swift */,
				A2000011 /* CatalogRoute.swift */,
				A2000012 /* EpisodeFormatting.swift */,
				A2000013 /* PodcastCatalogClient.swift */,
				A2000014 /* SearchView.swift */,
				A2000015 /* ShowDetailView.swift */,
				U2000001 /* EpisodeSwipeActionsPicker.swift */,
				A2000016 /* EpisodeDetailView.swift */,
				A2000017 /* Subscription.swift */,
				A2000018 /* SubscriptionClient.swift */,
				B2000001 /* EpisodeStateClient.swift */,
				W2000001 /* SubscriptionSortOrder.swift */,
				W2000002 /* SubscriptionSort.swift */,
				X2000001 /* SubscriptionManualReorderRow.swift */,
				Y2000001 /* ShowDisplaySettingsMenu.swift */,
				I2000001 /* CachedAsyncImage.swift */,
				A2000030 /* DeviceTokenClient.swift */,
				A2000031 /* PushNotificationManager.swift */,
				A2000032 /* Kuulla.entitlements */,
				A2000040 /* DeepLinkRouter.swift */,
				C2000001 /* CarPlaySceneDelegate.swift */,
				A2000019 /* SubscriptionsView.swift */,
				A2000020 /* UserSettings.swift */,
				A2000021 /* ShowSettings.swift */,
				A2000022 /* SettingsClient.swift */,
				A2000024 /* SettingsView.swift */,
				A2000025 /* ShowSettingsSheet.swift */,
				Q2000001 /* UserSettingsRecord.swift */,
				Q2000002 /* SettingsSyncAdapter.swift */,
				Q2000003 /* SettingsSyncEngineEnvironment.swift */,
				M2000001 /* AutoArchiveRule.swift */,
				P2000011 /* AutoDeleteRule.swift */,
				N2000001 /* AutoSkipDuration.swift */,
				N2000002 /* PlaybackSpeedOption.swift */,
				N2000004 /* VolumeOffsetOption.swift */,
				N2000003 /* ShowIconSize.swift */,
				F2000001 /* Syncable.swift */,
				F2000002 /* SyncCursor.swift */,
				F2000003 /* SyncEngine.swift */,
				F2000004 /* EpisodeStateRecord.swift */,
				F2000005 /* EpisodeSyncAdapter.swift */,
				F2000006 /* CrossDeviceResume.swift */,
				PQ200001 /* PlaybackQueue.swift */,
				P2000001 /* DownloadedEpisodeRecord.swift */,
				P2000003 /* DownloadManager.swift */,
				P2000006 /* DownloadsView.swift */,
				P2000008 /* DownloadButton.swift */,
				P2000010 /* LocalSettings.swift */,
				P2000015 /* DeviceChargingStateProviding.swift */,
				P2000016 /* AppIconBadge.swift */,
				G2000001 /* FeedView.swift */,
				G2000002 /* EpisodeStatus.swift */,
				G2000003 /* EpisodeSyncEngineEnvironment.swift */,
				J2000001 /* Playlist.swift */,
				J2000002 /* PlaylistSyncAdapter.swift */,
				J2000003 /* PlaylistSyncEngineEnvironment.swift */,
				J2000004 /* PlaylistClient.swift */,
				J2000005 /* PlaylistsView.swift */,
				J2000006 /* PlaylistDetailView.swift */,
				J2000007 /* AddToPlaylistSheet.swift */,
				J2000010 /* UpNextView.swift */,
				J2000011 /* PlaylistIcons.swift */,
				K2000001 /* LibraryView.swift */,
				K2000002 /* UnplayedCounts.swift */,
				L2000001 /* EpisodeProgress.swift */,
				L2000002 /* EpisodeListFilter.swift */,
				S2000001 /* ShowRow.swift */,
				S2000002 /* DiscoveryCategory.swift */,
				S2000003 /* Discovery.swift */,
				S2000004 /* CategoryDiscovery.swift */,
				S2000005 /* DiscoveryView.swift */,
				S2000006 /* DiscoveryCategoryDetailView.swift */,
				T2000001 /* SleepTimerDuration.swift */,
				T2000002 /* SleepTimerSheet.swift */,
				Z2000001 /* ChapterScrubber.swift */,
				Z2000003 /* Transcript.swift */,
				Z2000004 /* TranscriptView.swift */,
				V2000001 /* SafariView.swift */,
				A2000050 /* Theme.swift */,
				A2000051 /* Typography.swift */,
				A2000060 /* Manrope.ttf */,
				A2000061 /* SpaceGrotesk.ttf */,
				A2000062 /* JetBrainsMono.ttf */,
				A2000063 /* Manrope-OFL.txt */,
				A2000064 /* SpaceGrotesk-OFL.txt */,
				A2000065 /* JetBrainsMono-OFL.txt */,
				A2000003 /* Assets.xcassets */,
				A2000007 /* Info.plist */,
				CA200001 /* SubscriptionRecord.swift */,
				CA200002 /* ShowRecord.swift */,
				CA200003 /* CachedEpisodeRecord.swift */,
				CA200009 /* CachedNewEpisodeRecord.swift */,
				CA200004 /* CatalogCacheState.swift */,
				CA200005 /* CatalogCache.swift */,
				CA200006 /* CatalogRefreshService.swift */,
				CA200007 /* CatalogRefreshEnvironment.swift */,
				CA20000A /* CatalogCacheSignal.swift */,
				NB200001 /* NowPlayingBar.swift */,
				NP200001 /* NowPlayingView.swift */,
			);
			path = Kuulla;
			sourceTree = "<group>";
		};
		A3000002 /* Products */ = {
			isa = PBXGroup;
			children = (
				A2000000 /* Kuulla.app */,
				D3000000 /* KuullaTests.xctest */,
				E3000000 /* KuullaUITests.xctest */,
				29A120B52EB44457BAF2010B /* KuullaWatch.app */,
			);
			name = Products;
			sourceTree = "<group>";
		};
		D4000000 /* KuullaTests */ = {
			isa = PBXGroup;
			children = (
				D2000001 /* MockURLProtocol.swift */,
				D2000002 /* ApiClientTests.swift */,
				D2000003 /* PodcastCatalogClientTests.swift */,
				D2000004 /* SubscriptionClientTests.swift */,
				W2000003 /* SubscriptionSortTests.swift */,
				J2000020 /* PlaylistSummaryTests.swift */,
				PQ200002 /* PlaybackQueueTests.swift */,
				D2000020 /* DeviceTokenClientTests.swift */,
				D2000021 /* PushNotificationManagerTests.swift */,
				D2000050 /* PushNotificationRoutingTests.swift */,
				D2000051 /* CatalogRefreshServiceTests.swift */,
				D2000005 /* EpisodeDurationParsingTests.swift */,
				D2000006 /* EpisodeDecodingTests.swift */,
				D2000007 /* EpisodeFormattingTests.swift */,
				D2000008 /* AudioPlayerTests.swift */,
				D2000009 /* AuthManagerTests.swift */,
				D2000010 /* SettingsClientTests.swift */,
				D2000011 /* SyncEngineTests.swift */,
				F2000007 /* CrossDeviceResumeTests.swift */,
				H2000001 /* EpisodeStatusTests.swift */,
				H2000002 /* CarPlaySceneDelegateTests.swift */,
				H2000003 /* ShowIconSizeTests.swift */,
				J2000008 /* PlaylistSyncAdapterTests.swift */,
				Q2000004 /* SettingsSyncAdapterTests.swift */,
				J2000009 /* PlaylistClientTests.swift */,
				J2000021 /* PlaylistCleanupTests.swift */,
				K2000003 /* UnplayedCountsTests.swift */,
				L2000003 /* EpisodeProgressTests.swift */,
				L2000004 /* EpisodeListFilterTests.swift */,
				P2000002 /* DownloadedEpisodeRecordTests.swift */,
				P2000004 /* DownloadManagerTests.swift */,
				P2000005 /* EpisodeDetailViewTests.swift */,
				P2000007 /* DownloadsViewTests.swift */,
				P2000009 /* DownloadButtonTests.swift */,
				P2000012 /* UserSettingsTests.swift */,
				P2000013 /* ShowSettingsTests.swift */,
				P2000014 /* FeedViewTests.swift */,
				R2000002 /* SmartSpeedProcessorTests.swift */,
				T2000003 /* SleepTimerSheetTests.swift */,
				Z2000002 /* ChapterScrubberTests.swift */,
				Z2000005 /* TranscriptTests.swift */,
				CA200008 /* CatalogCacheTests.swift */,
			);
			path = KuullaTests;
			sourceTree = "<group>";
		};
		E4000000 /* KuullaUITests */ = {
			isa = PBXGroup;
			children = (
				E2000001 /* UITestSupport.swift */,
				E2000002 /* SearchAndSubscribeUITests.swift */,
				E2000003 /* PlaybackUITests.swift */,
			);
			path = KuullaUITests;
			sourceTree = "<group>";
		};
/* End PBXGroup section */

/* Begin PBXNativeTarget section */
		42B68B3ED20100B477F174F6 /* KuullaWatch */ = {
			isa = PBXNativeTarget;
			buildConfigurationList = 803EB16EAD1F2050FE858F65 /* Build configuration list for PBXNativeTarget "KuullaWatch" */;
			buildPhases = (
				779FBEE4CEC3257B8590BBAE /* Sources */,
				294746A24C982BB23ADCA9F5 /* Frameworks */,
				AAA454F28EEA21D0F8EC8EB6 /* Resources */,
			);
			buildRules = (
			);
			dependencies = (
			);
			name = KuullaWatch;
			productName = KuullaWatch;
			productReference = 29A120B52EB44457BAF2010B /* KuullaWatch.app */;
			productType = "com.apple.product-type.application";
		};
		A4000000 /* Kuulla */ = {
			isa = PBXNativeTarget;
			buildConfigurationList = A6000000 /* Build configuration list for PBXNativeTarget "Kuulla" */;
			buildPhases = (
				A5000001 /* Sources */,
				A5000002 /* Resources */,
				B9000004 /* Frameworks */,
				04509B818B3E67F46023FAF3 /* Embed Watch Content */,
			);
			buildRules = (
			);
			dependencies = (
				5C50F64DF6FBA8CD768050B0 /* PBXTargetDependency */,
			);
			name = Kuulla;
			packageProductDependencies = (
				B9000002 /* GoogleSignIn */,
			);
			productName = Kuulla;
			productReference = A2000000 /* Kuulla.app */;
			productType = "com.apple.product-type.application";
		};
		D5000000 /* KuullaTests */ = {
			isa = PBXNativeTarget;
			buildConfigurationList = D7000000 /* Build configuration list for PBXNativeTarget "KuullaTests" */;
			buildPhases = (
				D6000001 /* Sources */,
				D6000002 /* Frameworks */,
			);
			buildRules = (
			);
			dependencies = (
				D8000001 /* PBXTargetDependency */,
			);
			name = KuullaTests;
			productName = KuullaTests;
			productReference = D3000000 /* KuullaTests.xctest */;
			productType = "com.apple.product-type.bundle.unit-test";
		};
		E5000000 /* KuullaUITests */ = {
			isa = PBXNativeTarget;
			buildConfigurationList = E7000000 /* Build configuration list for PBXNativeTarget "KuullaUITests" */;
			buildPhases = (
				E6000001 /* Sources */,
				E6000002 /* Frameworks */,
			);
			buildRules = (
			);
			dependencies = (
				E8000001 /* PBXTargetDependency */,
			);
			name = KuullaUITests;
			productName = KuullaUITests;
			productReference = E3000000 /* KuullaUITests.xctest */;
			productType = "com.apple.product-type.bundle.ui-testing";
		};
/* End PBXNativeTarget section */

/* Begin PBXProject section */
		A7000000 /* Project object */ = {
			isa = PBXProject;
			attributes = {
				BuildIndependentTargetsInParallel = 1;
				LastSwiftUpdateCheck = 1600;
				LastUpgradeCheck = 1600;
			};
			buildConfigurationList = A6000002 /* Build configuration list for PBXProject "Kuulla" */;
			compatibilityVersion = "Xcode 14.0";
			developmentRegion = en;
			hasScannedForEncodings = 0;
			knownRegions = (
				en,
				Base,
			);
			mainGroup = A3000000;
			packageReferences = (
				B9000001 /* XCRemoteSwiftPackageReference "GoogleSignIn-iOS" */,
			);
			productRefGroup = A3000002 /* Products */;
			projectDirPath = "";
			projectRoot = "";
			targets = (
				A4000000 /* Kuulla */,
				D5000000 /* KuullaTests */,
				E5000000 /* KuullaUITests */,
				42B68B3ED20100B477F174F6 /* KuullaWatch */,
			);
		};
/* End PBXProject section */

/* Begin PBXResourcesBuildPhase section */
		A5000002 /* Resources */ = {
			isa = PBXResourcesBuildPhase;
			buildActionMask = 2147483647;
			files = (
				A1000003 /* Assets.xcassets in Resources */,
				A1000060 /* Manrope.ttf in Resources */,
				A1000061 /* SpaceGrotesk.ttf in Resources */,
				A1000062 /* JetBrainsMono.ttf in Resources */,
				A1000063 /* Manrope-OFL.txt in Resources */,
				A1000064 /* SpaceGrotesk-OFL.txt in Resources */,
				A1000065 /* JetBrainsMono-OFL.txt in Resources */,
			);
			runOnlyForDeploymentPostprocessing = 0;
		};
		AAA454F28EEA21D0F8EC8EB6 /* Resources */ = {
			isa = PBXResourcesBuildPhase;
			buildActionMask = 2147483647;
			files = (
				625CFBCB8FE6BCB4E790A7C2 /* Assets.xcassets in Resources */,
			);
			runOnlyForDeploymentPostprocessing = 0;
		};
/* End PBXResourcesBuildPhase section */

/* Begin PBXSourcesBuildPhase section */
		779FBEE4CEC3257B8590BBAE /* Sources */ = {
			isa = PBXSourcesBuildPhase;
			buildActionMask = 2147483647;
			files = (
				783487B85C74372637C45E97 /* KuullaWatchApp.swift in Sources */,
				E6FA293F5610E89527FBF332 /* ContentView.swift in Sources */,
				AFE9AD7448C54AF6D1F54A2D /* WatchConnectivitySession.swift in Sources */,
				5BC51D08963BB6FAEF42DD36 /* WatchNowPlayingState.swift in Sources */,
			);
			runOnlyForDeploymentPostprocessing = 0;
		};
		A5000001 /* Sources */ = {
			isa = PBXSourcesBuildPhase;
			buildActionMask = 2147483647;
			files = (
				A1000001 /* KuullaApp.swift in Sources */,
				A1000002 /* ContentView.swift in Sources */,
				A1000004 /* ApiClient.swift in Sources */,
				A1000005 /* AudioPlayer.swift in Sources */,
				A1000006 /* AuthManager.swift in Sources */,
				A1000007 /* Show.swift in Sources */,
				A1000008 /* Episode.swift in Sources */,
				A1000009 /* EpisodePage.swift in Sources */,
				A1000010 /* CatalogRoute.swift in Sources */,
				A1000011 /* EpisodeFormatting.swift in Sources */,
				A1000012 /* PodcastCatalogClient.swift in Sources */,
				A1000013 /* SearchView.swift in Sources */,
				A1000014 /* ShowDetailView.swift in Sources */,
				U1000001 /* EpisodeSwipeActionsPicker.swift in Sources */,
				A1000015 /* EpisodeDetailView.swift in Sources */,
				A1000016 /* Subscription.swift in Sources */,
				A1000017 /* SubscriptionClient.swift in Sources */,
				B1000001 /* EpisodeStateClient.swift in Sources */,
				W1000001 /* SubscriptionSortOrder.swift in Sources */,
				W1000002 /* SubscriptionSort.swift in Sources */,
				X1000001 /* SubscriptionManualReorderRow.swift in Sources */,
				Y1000001 /* ShowDisplaySettingsMenu.swift in Sources */,
				I1000001 /* CachedAsyncImage.swift in Sources */,
				A1000030 /* DeviceTokenClient.swift in Sources */,
				A1000031 /* PushNotificationManager.swift in Sources */,
				A1000040 /* DeepLinkRouter.swift in Sources */,
				A1000050 /* Theme.swift in Sources */,
				A1000051 /* Typography.swift in Sources */,
				C1000001 /* CarPlaySceneDelegate.swift in Sources */,
				A1000018 /* SubscriptionsView.swift in Sources */,
				A1000019 /* UserSettings.swift in Sources */,
				A1000020 /* ShowSettings.swift in Sources */,
				A1000021 /* SettingsClient.swift in Sources */,
				A1000023 /* SettingsView.swift in Sources */,
				A1000024 /* ShowSettingsSheet.swift in Sources */,
				Q1000001 /* UserSettingsRecord.swift in Sources */,
				Q1000002 /* SettingsSyncAdapter.swift in Sources */,
				Q1000003 /* SettingsSyncEngineEnvironment.swift in Sources */,
				M1000001 /* AutoArchiveRule.swift in Sources */,
				P1000011 /* AutoDeleteRule.swift in Sources */,
				N1000001 /* AutoSkipDuration.swift in Sources */,
				N1000002 /* PlaybackSpeedOption.swift in Sources */,
				N1000003 /* ShowIconSize.swift in Sources */,
				N1000004 /* VolumeOffsetOption.swift in Sources */,
				F1000001 /* Syncable.swift in Sources */,
				F1000002 /* SyncCursor.swift in Sources */,
				F1000003 /* SyncEngine.swift in Sources */,
				F1000004 /* EpisodeStateRecord.swift in Sources */,
				F1000005 /* EpisodeSyncAdapter.swift in Sources */,
				F1000006 /* CrossDeviceResume.swift in Sources */,
				PQ100001 /* PlaybackQueue.swift in Sources */,
				P1000001 /* DownloadedEpisodeRecord.swift in Sources */,
				P1000003 /* DownloadManager.swift in Sources */,
				P1000006 /* DownloadsView.swift in Sources */,
				P1000008 /* DownloadButton.swift in Sources */,
				P1000010 /* LocalSettings.swift in Sources */,
				P1000015 /* DeviceChargingStateProviding.swift in Sources */,
				P1000016 /* AppIconBadge.swift in Sources */,
				G1000001 /* FeedView.swift in Sources */,
				G1000002 /* EpisodeStatus.swift in Sources */,
				G1000003 /* EpisodeSyncEngineEnvironment.swift in Sources */,
				J1000001 /* Playlist.swift in Sources */,
				J1000002 /* PlaylistSyncAdapter.swift in Sources */,
				J1000003 /* PlaylistSyncEngineEnvironment.swift in Sources */,
				J1000004 /* PlaylistClient.swift in Sources */,
				J1000005 /* PlaylistsView.swift in Sources */,
				J1000006 /* PlaylistDetailView.swift in Sources */,
				J1000007 /* AddToPlaylistSheet.swift in Sources */,
				J1000010 /* UpNextView.swift in Sources */,
				J1000011 /* PlaylistIcons.swift in Sources */,
				K1000001 /* LibraryView.swift in Sources */,
				K1000002 /* UnplayedCounts.swift in Sources */,
				L1000001 /* EpisodeProgress.swift in Sources */,
				L1000002 /* EpisodeListFilter.swift in Sources */,
				R1000001 /* SmartSpeedProcessor.swift in Sources */,
				S1000001 /* ShowRow.swift in Sources */,
				S1000002 /* DiscoveryCategory.swift in Sources */,
				S1000003 /* Discovery.swift in Sources */,
				S1000004 /* CategoryDiscovery.swift in Sources */,
				S1000005 /* DiscoveryView.swift in Sources */,
				S1000006 /* DiscoveryCategoryDetailView.swift in Sources */,
				T1000001 /* SleepTimerDuration.swift in Sources */,
				T1000002 /* SleepTimerSheet.swift in Sources */,
				Z1000001 /* ChapterScrubber.swift in Sources */,
				Z1000003 /* Transcript.swift in Sources */,
				Z1000004 /* TranscriptView.swift in Sources */,
				V1000001 /* SafariView.swift in Sources */,
				CA100001 /* SubscriptionRecord.swift in Sources */,
				CA100002 /* ShowRecord.swift in Sources */,
				CA100003 /* CachedEpisodeRecord.swift in Sources */,
				CA100009 /* CachedNewEpisodeRecord.swift in Sources */,
				CA100004 /* CatalogCacheState.swift in Sources */,
				CA100005 /* CatalogCache.swift in Sources */,
				CA100006 /* CatalogRefreshService.swift in Sources */,
				CA100007 /* CatalogRefreshEnvironment.swift in Sources */,
				CA10000A /* CatalogCacheSignal.swift in Sources */,
				NB100001 /* NowPlayingBar.swift in Sources */,
				NP100001 /* NowPlayingView.swift in Sources */,
				EBCEE3867AB787693CDFB3DB /* WatchConnectivitySession.swift in Sources */,
				D23FFA6FE69E2AD89901D753 /* WatchNowPlayingState.swift in Sources */,
			);
			runOnlyForDeploymentPostprocessing = 0;
		};
		D6000001 /* Sources */ = {
			isa = PBXSourcesBuildPhase;
			buildActionMask = 2147483647;
			files = (
				D1000001 /* MockURLProtocol.swift in Sources */,
				D1000002 /* ApiClientTests.swift in Sources */,
				D1000003 /* PodcastCatalogClientTests.swift in Sources */,
				D1000004 /* SubscriptionClientTests.swift in Sources */,
				W1000003 /* SubscriptionSortTests.swift in Sources */,
				J1000020 /* PlaylistSummaryTests.swift in Sources */,
				D1000020 /* DeviceTokenClientTests.swift in Sources */,
				D1000021 /* PushNotificationManagerTests.swift in Sources */,
				D1000050 /* PushNotificationRoutingTests.swift in Sources */,
				D1000051 /* CatalogRefreshServiceTests.swift in Sources */,
				D1000005 /* EpisodeDurationParsingTests.swift in Sources */,
				D1000006 /* EpisodeDecodingTests.swift in Sources */,
				D1000007 /* EpisodeFormattingTests.swift in Sources */,
				D1000008 /* AudioPlayerTests.swift in Sources */,
				D1000009 /* AuthManagerTests.swift in Sources */,
				D1000010 /* SettingsClientTests.swift in Sources */,
				D1000011 /* SyncEngineTests.swift in Sources */,
				F1000007 /* CrossDeviceResumeTests.swift in Sources */,
				PQ100002 /* PlaybackQueueTests.swift in Sources */,
				H1000001 /* EpisodeStatusTests.swift in Sources */,
				H1000003 /* ShowIconSizeTests.swift in Sources */,
				H1000002 /* CarPlaySceneDelegateTests.swift in Sources */,
				J1000008 /* PlaylistSyncAdapterTests.swift in Sources */,
				J1000009 /* PlaylistClientTests.swift in Sources */,
				J1000021 /* PlaylistCleanupTests.swift in Sources */,
				Q1000004 /* SettingsSyncAdapterTests.swift in Sources */,
				K1000003 /* UnplayedCountsTests.swift in Sources */,
				L1000003 /* EpisodeProgressTests.swift in Sources */,
				L1000004 /* EpisodeListFilterTests.swift in Sources */,
				P1000002 /* DownloadedEpisodeRecordTests.swift in Sources */,
				P1000004 /* DownloadManagerTests.swift in Sources */,
				P1000005 /* EpisodeDetailViewTests.swift in Sources */,
				P1000007 /* DownloadsViewTests.swift in Sources */,
				P1000009 /* DownloadButtonTests.swift in Sources */,
				P1000012 /* UserSettingsTests.swift in Sources */,
				P1000013 /* ShowSettingsTests.swift in Sources */,
				P1000014 /* FeedViewTests.swift in Sources */,
				R1000002 /* SmartSpeedProcessorTests.swift in Sources */,
				T1000003 /* SleepTimerSheetTests.swift in Sources */,
				Z1000002 /* ChapterScrubberTests.swift in Sources */,
				Z1000005 /* TranscriptTests.swift in Sources */,
				CA100008 /* CatalogCacheTests.swift in Sources */,
			);
			runOnlyForDeploymentPostprocessing = 0;
		};
		E6000001 /* Sources */ = {
			isa = PBXSourcesBuildPhase;
			buildActionMask = 2147483647;
			files = (
				E1000001 /* UITestSupport.swift in Sources */,
				E1000002 /* SearchAndSubscribeUITests.swift in Sources */,
				E1000003 /* PlaybackUITests.swift in Sources */,
			);
			runOnlyForDeploymentPostprocessing = 0;
		};
/* End PBXSourcesBuildPhase section */

/* Begin PBXTargetDependency section */
		5C50F64DF6FBA8CD768050B0 /* PBXTargetDependency */ = {
			isa = PBXTargetDependency;
			name = KuullaWatch;
			target = 42B68B3ED20100B477F174F6 /* KuullaWatch */;
			targetProxy = D3D1011F1F609A3333E8E07D /* PBXContainerItemProxy */;
		};
		D8000001 /* PBXTargetDependency */ = {
			isa = PBXTargetDependency;
			target = A4000000 /* Kuulla */;
			targetProxy = D8000002 /* PBXContainerItemProxy */;
		};
		E8000001 /* PBXTargetDependency */ = {
			isa = PBXTargetDependency;
			target = A4000000 /* Kuulla */;
			targetProxy = E8000002 /* PBXContainerItemProxy */;
		};
/* End PBXTargetDependency section */

/* Begin XCBuildConfiguration section */
		9606566FDB71A49DFFA81AC6 /* Debug */ = {
			isa = XCBuildConfiguration;
			buildSettings = {
				ASSETCATALOG_COMPILER_APPICON_NAME = AppIcon;
				ASSETCATALOG_COMPILER_GENERATE_SWIFT_ASSET_SYMBOL_EXTENSIONS = YES;
				ASSETCATALOG_COMPILER_GLOBAL_ACCENT_COLOR_NAME = AccentColor;
				CODE_SIGN_STYLE = Automatic;
				CURRENT_PROJECT_VERSION = 1;
				DEVELOPMENT_TEAM = 96VJBK4H9P;
				ENABLE_PREVIEWS = YES;
				GENERATE_INFOPLIST_FILE = YES;
				INFOPLIST_KEY_CFBundleDisplayName = Kuulla;
				INFOPLIST_KEY_UIApplicationSceneManifest_Generation = YES;
				INFOPLIST_KEY_UILaunchScreen_Generation = YES;
				INFOPLIST_KEY_WKCompanionAppBundleIdentifier = com.kuulla.app;
				INFOPLIST_KEY_WKRunsIndependentlyOfCompanionApp = NO;
				LD_RUNPATH_SEARCH_PATHS = (
					"$(inherited)",
					"@executable_path/Frameworks",
				);
				MARKETING_VERSION = 1.0;
				PRODUCT_BUNDLE_IDENTIFIER = com.kuulla.app.watch;
				PRODUCT_NAME = "$(TARGET_NAME)";
				SDKROOT = watchos;
				SKIP_INSTALL = YES;
				SWIFT_EMIT_LOC_STRINGS = YES;
				SWIFT_VERSION = 5.0;
				TARGETED_DEVICE_FAMILY = 4;
				WATCHOS_DEPLOYMENT_TARGET = 10.0;
			};
			name = Debug;
		};
		A8000000 /* Debug */ = {
			isa = XCBuildConfiguration;
			buildSettings = {
				APS_ENVIRONMENT = development;
				ASSETCATALOG_COMPILER_APPICON_NAME = AppIcon;
				CODE_SIGN_ENTITLEMENTS = Kuulla/Kuulla.entitlements;
				CODE_SIGN_IDENTITY = "Apple Development";
				CODE_SIGN_STYLE = Automatic;
				CURRENT_PROJECT_VERSION = 1;
				DEVELOPMENT_TEAM = 96VJBK4H9P;
				ENABLE_TESTABILITY = YES;
				GENERATE_INFOPLIST_FILE = YES;
				INFOPLIST_FILE = Kuulla/Info.plist;
				INFOPLIST_KEY_UIApplicationSupportsIndirectInputEvents = YES;
				INFOPLIST_KEY_UILaunchScreen_Generation = YES;
				INFOPLIST_KEY_UISupportedInterfaceOrientations_iPad = "UIInterfaceOrientationPortrait UIInterfaceOrientationPortraitUpsideDown UIInterfaceOrientationLandscapeLeft UIInterfaceOrientationLandscapeRight";
				INFOPLIST_KEY_UISupportedInterfaceOrientations_iPhone = "UIInterfaceOrientationPortrait UIInterfaceOrientationLandscapeLeft UIInterfaceOrientationLandscapeRight";
				IPHONEOS_DEPLOYMENT_TARGET = 17.0;
				MARKETING_VERSION = 1.0;
				PRODUCT_BUNDLE_IDENTIFIER = com.kuulla.app;
				PRODUCT_NAME = "$(TARGET_NAME)";
				PROVISIONING_PROFILE_SPECIFIER = "";
				SWIFT_EMIT_LOC_STRINGS = YES;
				SWIFT_VERSION = 5.0;
				TARGETED_DEVICE_FAMILY = 1;
			};
			name = Debug;
		};
		A8000001 /* Release */ = {
			isa = XCBuildConfiguration;
			buildSettings = {
				APS_ENVIRONMENT = production;
				ASSETCATALOG_COMPILER_APPICON_NAME = AppIcon;
				CODE_SIGN_ENTITLEMENTS = Kuulla/Kuulla.entitlements;
				CODE_SIGN_IDENTITY = "Apple Development";
				CODE_SIGN_STYLE = Automatic;
				CURRENT_PROJECT_VERSION = 1;
				DEVELOPMENT_TEAM = 96VJBK4H9P;
				GENERATE_INFOPLIST_FILE = YES;
				INFOPLIST_FILE = Kuulla/Info.plist;
				INFOPLIST_KEY_UIApplicationSupportsIndirectInputEvents = YES;
				INFOPLIST_KEY_UILaunchScreen_Generation = YES;
				INFOPLIST_KEY_UISupportedInterfaceOrientations_iPad = "UIInterfaceOrientationPortrait UIInterfaceOrientationPortraitUpsideDown UIInterfaceOrientationLandscapeLeft UIInterfaceOrientationLandscapeRight";
				INFOPLIST_KEY_UISupportedInterfaceOrientations_iPhone = "UIInterfaceOrientationPortrait UIInterfaceOrientationLandscapeLeft UIInterfaceOrientationLandscapeRight";
				IPHONEOS_DEPLOYMENT_TARGET = 17.0;
				MARKETING_VERSION = 1.0;
				PRODUCT_BUNDLE_IDENTIFIER = com.kuulla.app;
				PRODUCT_NAME = "$(TARGET_NAME)";
				PROVISIONING_PROFILE_SPECIFIER = "";
				SWIFT_EMIT_LOC_STRINGS = YES;
				SWIFT_VERSION = 5.0;
				TARGETED_DEVICE_FAMILY = 1;
			};
			name = Release;
		};
		A8000002 /* Debug */ = {
			isa = XCBuildConfiguration;
			buildSettings = {
				ALWAYS_SEARCH_USER_PATHS = NO;
				CLANG_ANALYZER_NONNULL = YES;
				CLANG_CXX_LANGUAGE_STANDARD = "gnu++20";
				CLANG_ENABLE_MODULES = YES;
				COPY_PHASE_STRIP = NO;
				DEBUG_INFORMATION_FORMAT = dwarf;
				DEVELOPMENT_TEAM = 96VJBK4H9P;
				ENABLE_STRICT_OBJC_MSGSEND = YES;
				GCC_DYNAMIC_NO_PIC = NO;
				GCC_OPTIMIZATION_LEVEL = 0;
				GCC_PREPROCESSOR_DEFINITIONS = (
					"DEBUG=1",
					"$(inherited)",
				);
				IPHONEOS_DEPLOYMENT_TARGET = 17.0;
				MTL_ENABLE_DEBUG_INFO = INCLUDE_SOURCE;
				ONLY_ACTIVE_ARCH = YES;
				SDKROOT = iphoneos;
				SWIFT_ACTIVE_COMPILATION_CONDITIONS = DEBUG;
				SWIFT_OPTIMIZATION_LEVEL = "-Onone";
			};
			name = Debug;
		};
		A8000003 /* Release */ = {
			isa = XCBuildConfiguration;
			buildSettings = {
				ALWAYS_SEARCH_USER_PATHS = NO;
				CLANG_ANALYZER_NONNULL = YES;
				CLANG_CXX_LANGUAGE_STANDARD = "gnu++20";
				CLANG_ENABLE_MODULES = YES;
				COPY_PHASE_STRIP = NO;
				DEBUG_INFORMATION_FORMAT = "dwarf-with-dsym";
				DEVELOPMENT_TEAM = 96VJBK4H9P;
				ENABLE_NS_ASSERTIONS = NO;
				ENABLE_STRICT_OBJC_MSGSEND = YES;
				GCC_OPTIMIZATION_LEVEL = s;
				IPHONEOS_DEPLOYMENT_TARGET = 17.0;
				MTL_ENABLE_DEBUG_INFO = NO;
				SDKROOT = iphoneos;
				SWIFT_COMPILATION_MODE = wholemodule;
				SWIFT_OPTIMIZATION_LEVEL = "-O";
				VALIDATE_PRODUCT = YES;
			};
			name = Release;
		};
		C30F5B9FC0C0B2E08DEF3870 /* Release */ = {
			isa = XCBuildConfiguration;
			buildSettings = {
				ASSETCATALOG_COMPILER_APPICON_NAME = AppIcon;
				ASSETCATALOG_COMPILER_GENERATE_SWIFT_ASSET_SYMBOL_EXTENSIONS = YES;
				ASSETCATALOG_COMPILER_GLOBAL_ACCENT_COLOR_NAME = AccentColor;
				CODE_SIGN_STYLE = Automatic;
				CURRENT_PROJECT_VERSION = 1;
				DEVELOPMENT_TEAM = 96VJBK4H9P;
				ENABLE_PREVIEWS = YES;
				GENERATE_INFOPLIST_FILE = YES;
				INFOPLIST_KEY_CFBundleDisplayName = Kuulla;
				INFOPLIST_KEY_UIApplicationSceneManifest_Generation = YES;
				INFOPLIST_KEY_UILaunchScreen_Generation = YES;
				INFOPLIST_KEY_WKCompanionAppBundleIdentifier = com.kuulla.app;
				INFOPLIST_KEY_WKRunsIndependentlyOfCompanionApp = NO;
				LD_RUNPATH_SEARCH_PATHS = (
					"$(inherited)",
					"@executable_path/Frameworks",
				);
				MARKETING_VERSION = 1.0;
				PRODUCT_BUNDLE_IDENTIFIER = com.kuulla.app.watch;
				PRODUCT_NAME = "$(TARGET_NAME)";
				SDKROOT = watchos;
				SKIP_INSTALL = YES;
				SWIFT_EMIT_LOC_STRINGS = YES;
				SWIFT_VERSION = 5.0;
				TARGETED_DEVICE_FAMILY = 4;
				VALIDATE_PRODUCT = YES;
				WATCHOS_DEPLOYMENT_TARGET = 10.0;
			};
			name = Release;
		};
		D9000001 /* Debug */ = {
			isa = XCBuildConfiguration;
			buildSettings = {
				BUNDLE_LOADER = "$(TEST_HOST)";
				CODE_SIGN_STYLE = Automatic;
				CURRENT_PROJECT_VERSION = 1;
				GENERATE_INFOPLIST_FILE = YES;
				IPHONEOS_DEPLOYMENT_TARGET = 17.0;
				MARKETING_VERSION = 1.0;
				PRODUCT_BUNDLE_IDENTIFIER = com.kuulla.app.KuullaTests;
				PRODUCT_NAME = "$(TARGET_NAME)";
				SWIFT_EMIT_LOC_STRINGS = YES;
				SWIFT_VERSION = 5.0;
				TARGETED_DEVICE_FAMILY = 1;
				TEST_HOST = "$(BUILT_PRODUCTS_DIR)/Kuulla.app/Kuulla";
			};
			name = Debug;
		};
		D9000002 /* Release */ = {
			isa = XCBuildConfiguration;
			buildSettings = {
				BUNDLE_LOADER = "$(TEST_HOST)";
				CODE_SIGN_STYLE = Automatic;
				CURRENT_PROJECT_VERSION = 1;
				GENERATE_INFOPLIST_FILE = YES;
				IPHONEOS_DEPLOYMENT_TARGET = 17.0;
				MARKETING_VERSION = 1.0;
				PRODUCT_BUNDLE_IDENTIFIER = com.kuulla.app.KuullaTests;
				PRODUCT_NAME = "$(TARGET_NAME)";
				SWIFT_EMIT_LOC_STRINGS = YES;
				SWIFT_VERSION = 5.0;
				TARGETED_DEVICE_FAMILY = 1;
				TEST_HOST = "$(BUILT_PRODUCTS_DIR)/Kuulla.app/Kuulla";
			};
			name = Release;
		};
		EA000001 /* Debug */ = {
			isa = XCBuildConfiguration;
			buildSettings = {
				CODE_SIGN_STYLE = Automatic;
				CURRENT_PROJECT_VERSION = 1;
				GENERATE_INFOPLIST_FILE = YES;
				IPHONEOS_DEPLOYMENT_TARGET = 17.0;
				MARKETING_VERSION = 1.0;
				PRODUCT_BUNDLE_IDENTIFIER = com.kuulla.app.KuullaUITests;
				PRODUCT_NAME = "$(TARGET_NAME)";
				SWIFT_EMIT_LOC_STRINGS = YES;
				SWIFT_VERSION = 5.0;
				TARGETED_DEVICE_FAMILY = 1;
				TEST_TARGET_NAME = Kuulla;
			};
			name = Debug;
		};
		EA000002 /* Release */ = {
			isa = XCBuildConfiguration;
			buildSettings = {
				CODE_SIGN_STYLE = Automatic;
				CURRENT_PROJECT_VERSION = 1;
				GENERATE_INFOPLIST_FILE = YES;
				IPHONEOS_DEPLOYMENT_TARGET = 17.0;
				MARKETING_VERSION = 1.0;
				PRODUCT_BUNDLE_IDENTIFIER = com.kuulla.app.KuullaUITests;
				PRODUCT_NAME = "$(TARGET_NAME)";
				SWIFT_EMIT_LOC_STRINGS = YES;
				SWIFT_VERSION = 5.0;
				TARGETED_DEVICE_FAMILY = 1;
				TEST_TARGET_NAME = Kuulla;
			};
			name = Release;
		};
/* End XCBuildConfiguration section */

/* Begin XCConfigurationList section */
		803EB16EAD1F2050FE858F65 /* Build configuration list for PBXNativeTarget "KuullaWatch" */ = {
			isa = XCConfigurationList;
			buildConfigurations = (
				C30F5B9FC0C0B2E08DEF3870 /* Release */,
				9606566FDB71A49DFFA81AC6 /* Debug */,
			);
			defaultConfigurationIsVisible = 0;
			defaultConfigurationName = Release;
		};
		A6000000 /* Build configuration list for PBXNativeTarget "Kuulla" */ = {
			isa = XCConfigurationList;
			buildConfigurations = (
				A8000000 /* Debug */,
				A8000001 /* Release */,
			);
			defaultConfigurationIsVisible = 0;
			defaultConfigurationName = Release;
		};
		A6000002 /* Build configuration list for PBXProject "Kuulla" */ = {
			isa = XCConfigurationList;
			buildConfigurations = (
				A8000002 /* Debug */,
				A8000003 /* Release */,
			);
			defaultConfigurationIsVisible = 0;
			defaultConfigurationName = Release;
		};
		D7000000 /* Build configuration list for PBXNativeTarget "KuullaTests" */ = {
			isa = XCConfigurationList;
			buildConfigurations = (
				D9000001 /* Debug */,
				D9000002 /* Release */,
			);
			defaultConfigurationIsVisible = 0;
			defaultConfigurationName = Release;
		};
		E7000000 /* Build configuration list for PBXNativeTarget "KuullaUITests" */ = {
			isa = XCConfigurationList;
			buildConfigurations = (
				EA000001 /* Debug */,
				EA000002 /* Release */,
			);
			defaultConfigurationIsVisible = 0;
			defaultConfigurationName = Release;
		};
/* End XCConfigurationList section */

/* Begin XCRemoteSwiftPackageReference section */
		B9000001 /* XCRemoteSwiftPackageReference "GoogleSignIn-iOS" */ = {
			isa = XCRemoteSwiftPackageReference;
			repositoryURL = "https://github.com/google/GoogleSignIn-iOS";
			requirement = {
				kind = upToNextMajorVersion;
				minimumVersion = 9.0.0;
			};
		};
/* End XCRemoteSwiftPackageReference section */

/* Begin XCSwiftPackageProductDependency section */
		B9000002 /* GoogleSignIn */ = {
			isa = XCSwiftPackageProductDependency;
			package = B9000001 /* XCRemoteSwiftPackageReference "GoogleSignIn-iOS" */;
			productName = GoogleSignIn;
		};
/* End XCSwiftPackageProductDependency section */
	};
	rootObject = A7000000 /* Project object */;
}
